PODS:
  - AFNetworking (2.6.3):
    - AFNetworking/NSURLConnection (= 2.6.3)
    - AFNetworking/NSURLSession (= 2.6.3)
    - AFNetworking/Reachability (= 2.6.3)
    - AFNetworking/Security (= 2.6.3)
    - AFNetworking/Serialization (= 2.6.3)
    - AFNetworking/UIKit (= 2.6.3)
  - AFNetworking/NSURLConnection (2.6.3):
    - AFNetworking/Reachability
    - AFNetworking/Security
    - AFNetworking/Serialization
  - AFNetworking/NSURLSession (2.6.3):
    - AFNetworking/Reachability
    - AFNetworking/Security
    - AFNetworking/Serialization
  - AFNetworking/Reachability (2.6.3)
  - AFNetworking/Security (2.6.3)
  - AFNetworking/Serialization (2.6.3)
  - AFNetworking/UIKit (2.6.3):
    - AFNetworking/NSURLConnection
    - AFNetworking/NSURLSession
  - BrightFutures (5.1.0):
    - Result (~> 3.0)
  - LIFXAPIWrapper (0.0.5):
    - AFNetworking (~> 2.3)
  - MSColorPicker (1.0.0)
  - Result (3.1.0)
  - Reveal-SDK (7)
  - SVProgressHUD (2.1.2)
  - SwiftLint (0.16.1)
  - SwiftyJSON (3.1.4)
  - SwiftyUserDefaults (3.0.0)

DEPENDENCIES:
  - BrightFutures (~> 5.1)
  - LIFXAPIWrapper (~> 0.0)
  - MSColorPicker (~> 1.0)
  - Reveal-SDK
  - SVProgressHUD (~> 2.1)
  - SwiftLint (~> 0.16)
  - SwiftyJSON (~> 3.1)
  - SwiftyUserDefaults (~> 3.0)

SPEC CHECKSUMS:
  AFNetworking: cb8d14a848e831097108418f5d49217339d4eb60
  BrightFutures: 62aafb1a63520eda91c9286bf4be33e58e043938
  LIFXAPIWrapper: 5b5bf340e71a03015986e584d8b51ce9b8b868fc
  MSColorPicker: 1d11c8f6b74a811ac5a9dace4cc5211ef8002c5c
  Result: 4e3ed5995ed94d0cd6a09be9a431fce3f3624bbf
  Reveal-SDK: 564657bc66c93d2718b1c0121cdebe99d354ddab
  SVProgressHUD: c404a55d78acbeb7ebb78b76d3faf986475a6994
  SwiftLint: b8b683208cc09640898f16318a7a452274e91f61
  SwiftyJSON: c2842d878f95482ffceec5709abc3d05680c0220
  SwiftyUserDefaults: 0f1d45fc3aafb9064dac661e367f8f83fe21a4b4

PODFILE CHECKSUM: 0de5394c568bbdcc5a915e0d4d8dca1f44a6c1c2

COCOAPODS: 1.2.0
