PODS:
  - AFNetworking (2.6.3):
    - AFNetworking/NSURLConnection (= 2.6.3)
    - AFNetworking/NSURLSession (= 2.6.3)
    - AFNetworking/Reachability (= 2.6.3)
    - AFNetworking/Security (= 2.6.3)
    - AFNetworking/Serialization (= 2.6.3)
    - AFNetworking/UIKit (= 2.6.3)
  - AFNetworking/NSURLConnection (2.6.3):
    - AFNetworking/Reachability
    - AFNetworking/Security
    - AFNetworking/Serialization
  - AFNetworking/NSURLSession (2.6.3):
    - AFNetworking/Reachability
    - AFNetworking/Security
    - AFNetworking/Serialization
  - AFNetworking/Reachability (2.6.3)
  - AFNetworking/Security (2.6.3)
  - AFNetworking/Serialization (2.6.3)
  - AFNetworking/UIKit (2.6.3):
    - AFNetworking/NSURLConnection
    - AFNetworking/NSURLSession
  - BrightFutures (6.0.1):
    - Result (~> 3.2.4)
  - LIFXAPIWrapper (0.0.5):
    - AFNetworking (~> 2.3)
  - MSColorPicker (1.0.0)
  - Result (3.2.4)
  - SVProgressHUD (2.1.2)
  - SwiftLint (0.25.1)
  - SwiftyJSON (4.0.0)
  - SwiftyUserDefaults (3.0.0)

DEPENDENCIES:
  - BrightFutures (~> 6.0)
  - LIFXAPIWrapper (~> 0.0)
  - MSColorPicker (~> 1.0)
  - SVProgressHUD (~> 2.1)
  - SwiftLint (~> 0.25)
  - SwiftyJSON (~> 4.0)
  - SwiftyUserDefaults (~> 3.0)

SPEC REPOS:
  https://github.com/CocoaPods/Specs.git:
    - AFNetworking
    - BrightFutures
    - LIFXAPIWrapper
    - MSColorPicker
    - Result
    - SVProgressHUD
    - SwiftLint
    - SwiftyJSON
    - SwiftyUserDefaults

SPEC CHECKSUMS:
  AFNetworking: cb8d14a848e831097108418f5d49217339d4eb60
  BrightFutures: 9c03dab79e73ffe504b7bafc15c5bfdaeee54890
  LIFXAPIWrapper: 5b5bf340e71a03015986e584d8b51ce9b8b868fc
  MSColorPicker: 1d11c8f6b74a811ac5a9dace4cc5211ef8002c5c
  Result: d2d07204ce72856f1fd9130bbe42c35a7b0fea10
  SVProgressHUD: c404a55d78acbeb7ebb78b76d3faf986475a6994
  SwiftLint: ce933681be10c3266e82576dad676fa815a602e9
  SwiftyJSON: 070dabdcb1beb81b247c65ffa3a79dbbfb3b48aa
  SwiftyUserDefaults: 0f1d45fc3aafb9064dac661e367f8f83fe21a4b4

PODFILE CHECKSUM: 58c0a14a8e8bd30af920fd89c9bbd8a3e19edcbd

COCOAPODS: 1.5.0
