// !$*UTF8*$!
{
	archiveVersion = 1;
	classes = {
	};
	objectVersion = 46;
	objects = {

/* Begin PBXBuildFile section */
		3BB9D953993156D809F9F9F6 /* Pods_LIFX_Widget_Today_Extension.framework in Frameworks */ = {isa = PBXBuildFile; fileRef = D7AD68985F779096452056C0 /* Pods_LIFX_Widget_Today_Extension.framework */; };
		567915C8DE392E19EC9018DF /* Pods_LIFX_Widget_WatchKit_App.framework in Frameworks */ = {isa = PBXBuildFile; fileRef = EC4E30C8B8AFA86C211E0342 /* Pods_LIFX_Widget_WatchKit_App.framework */; };
		7261A324F10AC6908E354C51 /* Pods_LIFX_Widget.framework in Frameworks */ = {isa = PBXBuildFile; fileRef = 5098055A89269472C5F1F221 /* Pods_LIFX_Widget.framework */; };
		9C0585261E545E7900CF3AFA /* AppDelegate.swift in Sources */ = {isa = PBXBuildFile; fileRef = 9C0585251E545E7900CF3AFA /* AppDelegate.swift */; };
		9C0585281E545E7900CF3AFA /* HomeViewController.swift in Sources */ = {isa = PBXBuildFile; fileRef = 9C0585271E545E7900CF3AFA /* HomeViewController.swift */; };
		9C05852B1E545E7900CF3AFA /* Main.storyboard in Resources */ = {isa = PBXBuildFile; fileRef = 9C0585291E545E7900CF3AFA /* Main.storyboard */; };
		9C05852D1E545E7900CF3AFA /* Assets.xcassets in Resources */ = {isa = PBXBuildFile; fileRef = 9C05852C1E545E7900CF3AFA /* Assets.xcassets */; };
		9C0585301E545E7900CF3AFA /* LaunchScreen.storyboard in Resources */ = {isa = PBXBuildFile; fileRef = 9C05852E1E545E7900CF3AFA /* LaunchScreen.storyboard */; };
		9C0585351E545E7900CF3AFA /* LIFX Widget WatchKit App.app in Embed Watch Content */ = {isa = PBXBuildFile; fileRef = 9C0585341E545E7900CF3AFA /* LIFX Widget WatchKit App.app */; };
		9C05853B1E545E7900CF3AFA /* Interface.storyboard in Resources */ = {isa = PBXBuildFile; fileRef = 9C0585391E545E7900CF3AFA /* Interface.storyboard */; };
		9C05853D1E545E7900CF3AFA /* Assets.xcassets in Resources */ = {isa = PBXBuildFile; fileRef = 9C05853C1E545E7900CF3AFA /* Assets.xcassets */; };
		9C0585441E545E7900CF3AFA /* LIFX Widget WatchKit Extension.appex in Embed App Extensions */ = {isa = PBXBuildFile; fileRef = 9C0585431E545E7900CF3AFA /* LIFX Widget WatchKit Extension.appex */; settings = {ATTRIBUTES = (RemoveHeadersOnCopy, ); }; };
		9C0585491E545E7900CF3AFA /* InterfaceController.swift in Sources */ = {isa = PBXBuildFile; fileRef = 9C0585481E545E7900CF3AFA /* InterfaceController.swift */; };
		9C05854B1E545E7900CF3AFA /* ExtensionDelegate.swift in Sources */ = {isa = PBXBuildFile; fileRef = 9C05854A1E545E7900CF3AFA /* ExtensionDelegate.swift */; };
		9C05854D1E545E7900CF3AFA /* Assets.xcassets in Resources */ = {isa = PBXBuildFile; fileRef = 9C05854C1E545E7900CF3AFA /* Assets.xcassets */; };
		9C0585631E5460E500CF3AFA /* NotificationCenter.framework in Frameworks */ = {isa = PBXBuildFile; fileRef = 9C0585621E5460E500CF3AFA /* NotificationCenter.framework */; };
		9C0585661E5460E500CF3AFA /* WidgetViewController.swift in Sources */ = {isa = PBXBuildFile; fileRef = 9C0585651E5460E500CF3AFA /* WidgetViewController.swift */; };
		9C0585691E5460E500CF3AFA /* MainInterface.storyboard in Resources */ = {isa = PBXBuildFile; fileRef = 9C0585671E5460E500CF3AFA /* MainInterface.storyboard */; };
		9C05856D1E5460E500CF3AFA /* LIFX Widget Today Extension.appex in Embed App Extensions */ = {isa = PBXBuildFile; fileRef = 9C0585601E5460E500CF3AFA /* LIFX Widget Today Extension.appex */; settings = {ATTRIBUTES = (RemoveHeadersOnCopy, ); }; };
		9C5184811E54AD5300FBF02A /* Defaults.swift in Sources */ = {isa = PBXBuildFile; fileRef = 9C5184801E54AD5300FBF02A /* Defaults.swift */; };
		9C5184821E54AD5300FBF02A /* Defaults.swift in Sources */ = {isa = PBXBuildFile; fileRef = 9C5184801E54AD5300FBF02A /* Defaults.swift */; };
		9C5184831E54AD5300FBF02A /* Defaults.swift in Sources */ = {isa = PBXBuildFile; fileRef = 9C5184801E54AD5300FBF02A /* Defaults.swift */; };
		9C5184891E54B92500FBF02A /* TutorialViewController.swift in Sources */ = {isa = PBXBuildFile; fileRef = 9C5184881E54B92500FBF02A /* TutorialViewController.swift */; };
		9C51848E1E54BE9800FBF02A /* TutorialAnimatedTransitioning.swift in Sources */ = {isa = PBXBuildFile; fileRef = 9C51848D1E54BE9800FBF02A /* TutorialAnimatedTransitioning.swift */; };
		9C5184921E54C42D00FBF02A /* TutorialView.swift in Sources */ = {isa = PBXBuildFile; fileRef = 9C5184911E54C42D00FBF02A /* TutorialView.swift */; };
		9C5184951E559AE400FBF02A /* TokenPickerViewController.swift in Sources */ = {isa = PBXBuildFile; fileRef = 9C5184941E559AE400FBF02A /* TokenPickerViewController.swift */; };
		9C51849A1E55DCF400FBF02A /* Target.swift in Sources */ = {isa = PBXBuildFile; fileRef = 9C5184991E55DCF400FBF02A /* Target.swift */; };
		9C51849F1E55E28400FBF02A /* JSONable.swift in Sources */ = {isa = PBXBuildFile; fileRef = 9C51849E1E55E28400FBF02A /* JSONable.swift */; };
		9C5184A11E55E3BF00FBF02A /* JSONable.swift in Sources */ = {isa = PBXBuildFile; fileRef = 9C51849E1E55E28400FBF02A /* JSONable.swift */; };
		9C5184A21E55E3BF00FBF02A /* Target.swift in Sources */ = {isa = PBXBuildFile; fileRef = 9C5184991E55DCF400FBF02A /* Target.swift */; };
		9C5184A41E55E3C000FBF02A /* JSONable.swift in Sources */ = {isa = PBXBuildFile; fileRef = 9C51849E1E55E28400FBF02A /* JSONable.swift */; };
		9C5184A51E55E3C000FBF02A /* Target.swift in Sources */ = {isa = PBXBuildFile; fileRef = 9C5184991E55DCF400FBF02A /* Target.swift */; };
		9C5184AA1E55EB5F00FBF02A /* PersistanceManager.swift in Sources */ = {isa = PBXBuildFile; fileRef = 9C5184A91E55EB5F00FBF02A /* PersistanceManager.swift */; };
		9C5184B01E56033900FBF02A /* StickyHeaderTableViewController.swift in Sources */ = {isa = PBXBuildFile; fileRef = 9C5184AF1E56033900FBF02A /* StickyHeaderTableViewController.swift */; };
		9C5184B21E56050600FBF02A /* TargetsPickerViewController.swift in Sources */ = {isa = PBXBuildFile; fileRef = 9C5184B11E56050600FBF02A /* TargetsPickerViewController.swift */; };
		9C5184B41E5605D600FBF02A /* TargetPickerTableViewCell.swift in Sources */ = {isa = PBXBuildFile; fileRef = 9C5184B31E5605D600FBF02A /* TargetPickerTableViewCell.swift */; };
		9C5184B61E56061000FBF02A /* TargetPickerTableViewCellSelectedView.swift in Sources */ = {isa = PBXBuildFile; fileRef = 9C5184B51E56061000FBF02A /* TargetPickerTableViewCellSelectedView.swift */; };
		9C5184B81E5612A900FBF02A /* UITableViewCell+ReuseIdentifier.swift in Sources */ = {isa = PBXBuildFile; fileRef = 9C5184B71E5612A900FBF02A /* UITableViewCell+ReuseIdentifier.swift */; };
		9C5184B91E5612A900FBF02A /* UITableViewCell+ReuseIdentifier.swift in Sources */ = {isa = PBXBuildFile; fileRef = 9C5184B71E5612A900FBF02A /* UITableViewCell+ReuseIdentifier.swift */; };
		9C7102701E5489F60058E8C4 /* API.swift in Sources */ = {isa = PBXBuildFile; fileRef = 9C71026F1E5489F60058E8C4 /* API.swift */; };
		9C7102711E5489F60058E8C4 /* API.swift in Sources */ = {isa = PBXBuildFile; fileRef = 9C71026F1E5489F60058E8C4 /* API.swift */; };
		9C7102721E5489F60058E8C4 /* API.swift in Sources */ = {isa = PBXBuildFile; fileRef = 9C71026F1E5489F60058E8C4 /* API.swift */; };
		9C7102751E548EC10058E8C4 /* Localizable.strings in Resources */ = {isa = PBXBuildFile; fileRef = 9C7102731E548EC10058E8C4 /* Localizable.strings */; };
		9C7102771E548F1F0058E8C4 /* String+Localized.swift in Sources */ = {isa = PBXBuildFile; fileRef = 9C7102761E548F1F0058E8C4 /* String+Localized.swift */; };
		9C7102781E548F1F0058E8C4 /* String+Localized.swift in Sources */ = {isa = PBXBuildFile; fileRef = 9C7102761E548F1F0058E8C4 /* String+Localized.swift */; };
		9C7102791E548F1F0058E8C4 /* String+Localized.swift in Sources */ = {isa = PBXBuildFile; fileRef = 9C7102761E548F1F0058E8C4 /* String+Localized.swift */; };
		9C7D2D491E5651A4007D89E3 /* UIView+Animations.swift in Sources */ = {isa = PBXBuildFile; fileRef = 9C7D2D481E5651A4007D89E3 /* UIView+Animations.swift */; };
		9C88D2731E65AE7C009B0D9B /* Assets.xcassets in Resources */ = {isa = PBXBuildFile; fileRef = 9C88D2721E65AE7C009B0D9B /* Assets.xcassets */; };
		9C88D2761E65B101009B0D9B /* Localizable.strings in Resources */ = {isa = PBXBuildFile; fileRef = 9C88D2741E65B101009B0D9B /* Localizable.strings */; };
		9C88D2781E65BB8B009B0D9B /* UIKit+Localizable.swift in Sources */ = {isa = PBXBuildFile; fileRef = 9CBC51F71E62210F0040E4CC /* UIKit+Localizable.swift */; };
		9C88D2791E65C788009B0D9B /* PersistanceManager.swift in Sources */ = {isa = PBXBuildFile; fileRef = 9C5184A91E55EB5F00FBF02A /* PersistanceManager.swift */; };
		9C88D27B1E65C7B4009B0D9B /* TargetTableViewCell.swift in Sources */ = {isa = PBXBuildFile; fileRef = 9C88D27A1E65C7B4009B0D9B /* TargetTableViewCell.swift */; };
		9C88D27C1E65CB07009B0D9B /* PersistanceManager.swift in Sources */ = {isa = PBXBuildFile; fileRef = 9C5184A91E55EB5F00FBF02A /* PersistanceManager.swift */; };
		9C96AC1C1E65739C00B588CD /* ErrorViewController.swift in Sources */ = {isa = PBXBuildFile; fileRef = 9C96AC1B1E65739C00B588CD /* ErrorViewController.swift */; };
		9C96AC1E1E6573F400B588CD /* TargetsViewController.swift in Sources */ = {isa = PBXBuildFile; fileRef = 9C96AC1D1E6573F400B588CD /* TargetsViewController.swift */; };
		9C96AC211E65755000B588CD /* UIViewController+Storyboard.swift in Sources */ = {isa = PBXBuildFile; fileRef = 9C96AC201E65755000B588CD /* UIViewController+Storyboard.swift */; };
		9CA5D07E1E58B76B00975C96 /* ColorsListViewController.swift in Sources */ = {isa = PBXBuildFile; fileRef = 9CA5D07D1E58B76B00975C96 /* ColorsListViewController.swift */; };
		9CA5D0801E58B78400975C96 /* Color.swift in Sources */ = {isa = PBXBuildFile; fileRef = 9CA5D07F1E58B78400975C96 /* Color.swift */; };
		9CA5D0811E58B78400975C96 /* Color.swift in Sources */ = {isa = PBXBuildFile; fileRef = 9CA5D07F1E58B78400975C96 /* Color.swift */; };
		9CA5D0821E58B78400975C96 /* Color.swift in Sources */ = {isa = PBXBuildFile; fileRef = 9CA5D07F1E58B78400975C96 /* Color.swift */; };
		9CA5D0841E5B6EE500975C96 /* UIColor+LIFX.swift in Sources */ = {isa = PBXBuildFile; fileRef = 9CA5D0831E5B6EE500975C96 /* UIColor+LIFX.swift */; };
		9CA5D0851E5B6EE500975C96 /* UIColor+LIFX.swift in Sources */ = {isa = PBXBuildFile; fileRef = 9CA5D0831E5B6EE500975C96 /* UIColor+LIFX.swift */; };
		9CA5D0861E5B6EE500975C96 /* UIColor+LIFX.swift in Sources */ = {isa = PBXBuildFile; fileRef = 9CA5D0831E5B6EE500975C96 /* UIColor+LIFX.swift */; };
		9CA5D0881E5B87FD00975C96 /* ColorTableViewCell.swift in Sources */ = {isa = PBXBuildFile; fileRef = 9CA5D0871E5B87FD00975C96 /* ColorTableViewCell.swift */; };
		9CA5D08C1E5CE29400975C96 /* ColorPickerViewController.swift in Sources */ = {isa = PBXBuildFile; fileRef = 9CA5D08B1E5CE29400975C96 /* ColorPickerViewController.swift */; };
		9CA5D08E1E5CE37500975C96 /* ColorPickerColorController.swift in Sources */ = {isa = PBXBuildFile; fileRef = 9CA5D08D1E5CE37500975C96 /* ColorPickerColorController.swift */; };
		9CA5D0901E5CE38200975C96 /* ColorPickerWhiteController.swift in Sources */ = {isa = PBXBuildFile; fileRef = 9CA5D08F1E5CE38200975C96 /* ColorPickerWhiteController.swift */; };
		9CBC51E11E61B1D00040E4CC /* TargetsPickerPersistanceViewController.swift in Sources */ = {isa = PBXBuildFile; fileRef = 9CBC51E01E61B1D00040E4CC /* TargetsPickerPersistanceViewController.swift */; };
		9CBC51E31E61B32F0040E4CC /* TargetsPickerFeedbackViewController.swift in Sources */ = {isa = PBXBuildFile; fileRef = 9CBC51E21E61B32F0040E4CC /* TargetsPickerFeedbackViewController.swift */; };
		9CBC51E61E61CD390040E4CC /* Brightness.swift in Sources */ = {isa = PBXBuildFile; fileRef = 9CBC51E51E61CD390040E4CC /* Brightness.swift */; };
		9CBC51E71E61CD390040E4CC /* Brightness.swift in Sources */ = {isa = PBXBuildFile; fileRef = 9CBC51E51E61CD390040E4CC /* Brightness.swift */; };
		9CBC51E81E61CD390040E4CC /* Brightness.swift in Sources */ = {isa = PBXBuildFile; fileRef = 9CBC51E51E61CD390040E4CC /* Brightness.swift */; };
		9CBC51EC1E61D3DC0040E4CC /* BrightnessesListViewController.swift in Sources */ = {isa = PBXBuildFile; fileRef = 9CBC51EB1E61D3DC0040E4CC /* BrightnessesListViewController.swift */; };
		9CBC51EE1E61D4630040E4CC /* BrightnessTableViewCell.swift in Sources */ = {isa = PBXBuildFile; fileRef = 9CBC51ED1E61D4630040E4CC /* BrightnessTableViewCell.swift */; };
		9CBC51F11E61FB970040E4CC /* BrightnessPickerViewController.swift in Sources */ = {isa = PBXBuildFile; fileRef = 9CBC51F01E61FB970040E4CC /* BrightnessPickerViewController.swift */; };
		9CBC51F41E6219670040E4CC /* TargetsReorderViewController.swift in Sources */ = {isa = PBXBuildFile; fileRef = 9CBC51F31E6219670040E4CC /* TargetsReorderViewController.swift */; };
		9CBC51F61E621A0B0040E4CC /* TargetsReorderTableViewCell.swift in Sources */ = {isa = PBXBuildFile; fileRef = 9CBC51F51E621A0B0040E4CC /* TargetsReorderTableViewCell.swift */; };
		9CBC51F81E62210F0040E4CC /* UIKit+Localizable.swift in Sources */ = {isa = PBXBuildFile; fileRef = 9CBC51F71E62210F0040E4CC /* UIKit+Localizable.swift */; };
		9CBC51FA1E622C0A0040E4CC /* UIKit+Uppercased.swift in Sources */ = {isa = PBXBuildFile; fileRef = 9CBC51F91E622C0A0040E4CC /* UIKit+Uppercased.swift */; };
		9CBC51FE1E622F680040E4CC /* TutorialSpacedLabel.swift in Sources */ = {isa = PBXBuildFile; fileRef = 9CBC51FD1E622F680040E4CC /* TutorialSpacedLabel.swift */; };
		9CBC52001E6231960040E4CC /* TutorialHTMLLabel.swift in Sources */ = {isa = PBXBuildFile; fileRef = 9CBC51FF1E6231960040E4CC /* TutorialHTMLLabel.swift */; };
		9CCAA2421E5F311200AE10D0 /* Array+Misc.swift in Sources */ = {isa = PBXBuildFile; fileRef = 9CCAA2411E5F311200AE10D0 /* Array+Misc.swift */; };
		9CCAA2441E5F4AC700AE10D0 /* WhiteGradientView.swift in Sources */ = {isa = PBXBuildFile; fileRef = 9CCAA2431E5F4AC700AE10D0 /* WhiteGradientView.swift */; };
		9CCAA2491E5F4BD700AE10D0 /* WhiteGradientIndicatorView.swift in Sources */ = {isa = PBXBuildFile; fileRef = 9CCAA2481E5F4BD700AE10D0 /* WhiteGradientIndicatorView.swift */; };
		9CCAA24B1E602C1E00AE10D0 /* Comparable+Range.swift in Sources */ = {isa = PBXBuildFile; fileRef = 9CCAA24A1E602C1E00AE10D0 /* Comparable+Range.swift */; };
		9CCAA24C1E602C6600AE10D0 /* Comparable+Range.swift in Sources */ = {isa = PBXBuildFile; fileRef = 9CCAA24A1E602C1E00AE10D0 /* Comparable+Range.swift */; };
		9CCAA24D1E602C6700AE10D0 /* Comparable+Range.swift in Sources */ = {isa = PBXBuildFile; fileRef = 9CCAA24A1E602C1E00AE10D0 /* Comparable+Range.swift */; };
		D48F821AEB90669BC62BE834 /* Pods_LIFX_Widget_WatchKit_Extension.framework in Frameworks */ = {isa = PBXBuildFile; fileRef = C6C7F0FC16A47CC7DC8C9559 /* Pods_LIFX_Widget_WatchKit_Extension.framework */; };
/* End PBXBuildFile section */

/* Begin PBXContainerItemProxy section */
		9C0585361E545E7900CF3AFA /* PBXContainerItemProxy */ = {
			isa = PBXContainerItemProxy;
			containerPortal = 9C05851A1E545E7900CF3AFA /* Project object */;
			proxyType = 1;
			remoteGlobalIDString = 9C0585331E545E7900CF3AFA;
			remoteInfo = "LIFX Widget WatchKit App";
		};
		9C0585451E545E7900CF3AFA /* PBXContainerItemProxy */ = {
			isa = PBXContainerItemProxy;
			containerPortal = 9C05851A1E545E7900CF3AFA /* Project object */;
			proxyType = 1;
			remoteGlobalIDString = 9C0585421E545E7900CF3AFA;
			remoteInfo = "LIFX Widget WatchKit Extension";
		};
		9C05856B1E5460E500CF3AFA /* PBXContainerItemProxy */ = {
			isa = PBXContainerItemProxy;
			containerPortal = 9C05851A1E545E7900CF3AFA /* Project object */;
			proxyType = 1;
			remoteGlobalIDString = 9C05855F1E5460E500CF3AFA;
			remoteInfo = "LIFX Widget Today Extension";
		};
/* End PBXContainerItemProxy section */

/* Begin PBXCopyFilesBuildPhase section */
		9C0585541E545E7900CF3AFA /* Embed App Extensions */ = {
			isa = PBXCopyFilesBuildPhase;
			buildActionMask = 2147483647;
			dstPath = "";
			dstSubfolderSpec = 13;
			files = (
				9C0585441E545E7900CF3AFA /* LIFX Widget WatchKit Extension.appex in Embed App Extensions */,
			);
			name = "Embed App Extensions";
			runOnlyForDeploymentPostprocessing = 0;
		};
		9C0585581E545E7900CF3AFA /* Embed Watch Content */ = {
			isa = PBXCopyFilesBuildPhase;
			buildActionMask = 2147483647;
			dstPath = "$(CONTENTS_FOLDER_PATH)/Watch";
			dstSubfolderSpec = 16;
			files = (
				9C0585351E545E7900CF3AFA /* LIFX Widget WatchKit App.app in Embed Watch Content */,
			);
			name = "Embed Watch Content";
			runOnlyForDeploymentPostprocessing = 0;
		};
		9C0585711E5460E500CF3AFA /* Embed App Extensions */ = {
			isa = PBXCopyFilesBuildPhase;
			buildActionMask = 2147483647;
			dstPath = "";
			dstSubfolderSpec = 13;
			files = (
				9C05856D1E5460E500CF3AFA /* LIFX Widget Today Extension.appex in Embed App Extensions */,
			);
			name = "Embed App Extensions";
			runOnlyForDeploymentPostprocessing = 0;
		};
/* End PBXCopyFilesBuildPhase section */

/* Begin PBXFileReference section */
		058D4FB44BB348822E700F24 /* Pods-LIFX Widget.debug.xcconfig */ = {isa = PBXFileReference; includeInIndex = 1; lastKnownFileType = text.xcconfig; name = "Pods-LIFX Widget.debug.xcconfig"; path = "Pods/Target Support Files/Pods-LIFX Widget/Pods-LIFX Widget.debug.xcconfig"; sourceTree = "<group>"; };
		235E60BFD2B96E08E5C5834E /* Pods-LIFX Widget Today Extension.release.xcconfig */ = {isa = PBXFileReference; includeInIndex = 1; lastKnownFileType = text.xcconfig; name = "Pods-LIFX Widget Today Extension.release.xcconfig"; path = "Pods/Target Support Files/Pods-LIFX Widget Today Extension/Pods-LIFX Widget Today Extension.release.xcconfig"; sourceTree = "<group>"; };
		47F02010C0E91A9EB00AA391 /* Pods-LIFX Widget WatchKit App.release.xcconfig */ = {isa = PBXFileReference; includeInIndex = 1; lastKnownFileType = text.xcconfig; name = "Pods-LIFX Widget WatchKit App.release.xcconfig"; path = "Pods/Target Support Files/Pods-LIFX Widget WatchKit App/Pods-LIFX Widget WatchKit App.release.xcconfig"; sourceTree = "<group>"; };
		4DF83DF2F0A329487829793C /* Pods-LIFX Widget WatchKit Extension.debug.xcconfig */ = {isa = PBXFileReference; includeInIndex = 1; lastKnownFileType = text.xcconfig; name = "Pods-LIFX Widget WatchKit Extension.debug.xcconfig"; path = "Pods/Target Support Files/Pods-LIFX Widget WatchKit Extension/Pods-LIFX Widget WatchKit Extension.debug.xcconfig"; sourceTree = "<group>"; };
		5098055A89269472C5F1F221 /* Pods_LIFX_Widget.framework */ = {isa = PBXFileReference; explicitFileType = wrapper.framework; includeInIndex = 0; path = Pods_LIFX_Widget.framework; sourceTree = BUILT_PRODUCTS_DIR; };
		5B35D188BD5DD413FA6CDD8C /* Pods-LIFX Widget.release.xcconfig */ = {isa = PBXFileReference; includeInIndex = 1; lastKnownFileType = text.xcconfig; name = "Pods-LIFX Widget.release.xcconfig"; path = "Pods/Target Support Files/Pods-LIFX Widget/Pods-LIFX Widget.release.xcconfig"; sourceTree = "<group>"; };
		71B4DA4E02667009ADA6CF61 /* Pods-LIFX Widget WatchKit App.debug.xcconfig */ = {isa = PBXFileReference; includeInIndex = 1; lastKnownFileType = text.xcconfig; name = "Pods-LIFX Widget WatchKit App.debug.xcconfig"; path = "Pods/Target Support Files/Pods-LIFX Widget WatchKit App/Pods-LIFX Widget WatchKit App.debug.xcconfig"; sourceTree = "<group>"; };
		99E300BA004279B8AF499332 /* Pods-LIFX Widget Today Extension.debug.xcconfig */ = {isa = PBXFileReference; includeInIndex = 1; lastKnownFileType = text.xcconfig; name = "Pods-LIFX Widget Today Extension.debug.xcconfig"; path = "Pods/Target Support Files/Pods-LIFX Widget Today Extension/Pods-LIFX Widget Today Extension.debug.xcconfig"; sourceTree = "<group>"; };
		9C0585221E545E7900CF3AFA /* LIFX Widget.app */ = {isa = PBXFileReference; explicitFileType = wrapper.application; includeInIndex = 0; path = "LIFX Widget.app"; sourceTree = BUILT_PRODUCTS_DIR; };
		9C0585251E545E7900CF3AFA /* AppDelegate.swift */ = {isa = PBXFileReference; lastKnownFileType = sourcecode.swift; path = AppDelegate.swift; sourceTree = "<group>"; };
		9C0585271E545E7900CF3AFA /* HomeViewController.swift */ = {isa = PBXFileReference; lastKnownFileType = sourcecode.swift; path = HomeViewController.swift; sourceTree = "<group>"; };
		9C05852A1E545E7900CF3AFA /* Base */ = {isa = PBXFileReference; lastKnownFileType = file.storyboard; name = Base; path = Base.lproj/Main.storyboard; sourceTree = "<group>"; };
		9C05852C1E545E7900CF3AFA /* Assets.xcassets */ = {isa = PBXFileReference; lastKnownFileType = folder.assetcatalog; path = Assets.xcassets; sourceTree = "<group>"; };
		9C05852F1E545E7900CF3AFA /* Base */ = {isa = PBXFileReference; lastKnownFileType = file.storyboard; name = Base; path = Base.lproj/LaunchScreen.storyboard; sourceTree = "<group>"; };
		9C0585311E545E7900CF3AFA /* Info.plist */ = {isa = PBXFileReference; lastKnownFileType = text.plist.xml; path = Info.plist; sourceTree = "<group>"; };
		9C0585341E545E7900CF3AFA /* LIFX Widget WatchKit App.app */ = {isa = PBXFileReference; explicitFileType = wrapper.application; includeInIndex = 0; path = "LIFX Widget WatchKit App.app"; sourceTree = BUILT_PRODUCTS_DIR; };
		9C05853A1E545E7900CF3AFA /* Base */ = {isa = PBXFileReference; lastKnownFileType = file.storyboard; name = Base; path = Base.lproj/Interface.storyboard; sourceTree = "<group>"; };
		9C05853C1E545E7900CF3AFA /* Assets.xcassets */ = {isa = PBXFileReference; lastKnownFileType = folder.assetcatalog; path = Assets.xcassets; sourceTree = "<group>"; };
		9C05853E1E545E7900CF3AFA /* Info.plist */ = {isa = PBXFileReference; lastKnownFileType = text.plist.xml; path = Info.plist; sourceTree = "<group>"; };
		9C0585431E545E7900CF3AFA /* LIFX Widget WatchKit Extension.appex */ = {isa = PBXFileReference; explicitFileType = "wrapper.app-extension"; includeInIndex = 0; path = "LIFX Widget WatchKit Extension.appex"; sourceTree = BUILT_PRODUCTS_DIR; };
		9C0585481E545E7900CF3AFA /* InterfaceController.swift */ = {isa = PBXFileReference; lastKnownFileType = sourcecode.swift; path = InterfaceController.swift; sourceTree = "<group>"; };
		9C05854A1E545E7900CF3AFA /* ExtensionDelegate.swift */ = {isa = PBXFileReference; lastKnownFileType = sourcecode.swift; path = ExtensionDelegate.swift; sourceTree = "<group>"; };
		9C05854C1E545E7900CF3AFA /* Assets.xcassets */ = {isa = PBXFileReference; lastKnownFileType = folder.assetcatalog; path = Assets.xcassets; sourceTree = "<group>"; };
		9C05854E1E545E7900CF3AFA /* Info.plist */ = {isa = PBXFileReference; lastKnownFileType = text.plist.xml; path = Info.plist; sourceTree = "<group>"; };
		9C0585601E5460E500CF3AFA /* LIFX Widget Today Extension.appex */ = {isa = PBXFileReference; explicitFileType = "wrapper.app-extension"; includeInIndex = 0; path = "LIFX Widget Today Extension.appex"; sourceTree = BUILT_PRODUCTS_DIR; };
		9C0585621E5460E500CF3AFA /* NotificationCenter.framework */ = {isa = PBXFileReference; lastKnownFileType = wrapper.framework; name = NotificationCenter.framework; path = System/Library/Frameworks/NotificationCenter.framework; sourceTree = SDKROOT; };
		9C0585651E5460E500CF3AFA /* WidgetViewController.swift */ = {isa = PBXFileReference; lastKnownFileType = sourcecode.swift; path = WidgetViewController.swift; sourceTree = "<group>"; };
		9C0585681E5460E500CF3AFA /* Base */ = {isa = PBXFileReference; lastKnownFileType = file.storyboard; name = Base; path = Base.lproj/MainInterface.storyboard; sourceTree = "<group>"; };
		9C05856A1E5460E500CF3AFA /* Info.plist */ = {isa = PBXFileReference; lastKnownFileType = text.plist.xml; path = Info.plist; sourceTree = "<group>"; };
		9C5184801E54AD5300FBF02A /* Defaults.swift */ = {isa = PBXFileReference; fileEncoding = 4; lastKnownFileType = sourcecode.swift; name = Defaults.swift; path = Common/Defaults.swift; sourceTree = SOURCE_ROOT; };
		9C5184841E54B13B00FBF02A /* LIFX Widget.entitlements */ = {isa = PBXFileReference; lastKnownFileType = text.plist.entitlements; path = "LIFX Widget.entitlements"; sourceTree = "<group>"; };
		9C5184851E54B15300FBF02A /* LIFX Widget Today Extension.entitlements */ = {isa = PBXFileReference; lastKnownFileType = text.plist.entitlements; path = "LIFX Widget Today Extension.entitlements"; sourceTree = "<group>"; };
		9C5184881E54B92500FBF02A /* TutorialViewController.swift */ = {isa = PBXFileReference; fileEncoding = 4; lastKnownFileType = sourcecode.swift; path = TutorialViewController.swift; sourceTree = "<group>"; };
		9C51848D1E54BE9800FBF02A /* TutorialAnimatedTransitioning.swift */ = {isa = PBXFileReference; fileEncoding = 4; lastKnownFileType = sourcecode.swift; path = TutorialAnimatedTransitioning.swift; sourceTree = "<group>"; };
		9C5184911E54C42D00FBF02A /* TutorialView.swift */ = {isa = PBXFileReference; fileEncoding = 4; lastKnownFileType = sourcecode.swift; path = TutorialView.swift; sourceTree = "<group>"; };
		9C5184941E559AE400FBF02A /* TokenPickerViewController.swift */ = {isa = PBXFileReference; fileEncoding = 4; lastKnownFileType = sourcecode.swift; path = TokenPickerViewController.swift; sourceTree = "<group>"; };
		9C5184991E55DCF400FBF02A /* Target.swift */ = {isa = PBXFileReference; fileEncoding = 4; lastKnownFileType = sourcecode.swift; path = Target.swift; sourceTree = "<group>"; };
		9C51849E1E55E28400FBF02A /* JSONable.swift */ = {isa = PBXFileReference; fileEncoding = 4; lastKnownFileType = sourcecode.swift; path = JSONable.swift; sourceTree = "<group>"; };
		9C5184A91E55EB5F00FBF02A /* PersistanceManager.swift */ = {isa = PBXFileReference; fileEncoding = 4; lastKnownFileType = sourcecode.swift; path = PersistanceManager.swift; sourceTree = "<group>"; };
		9C5184AF1E56033900FBF02A /* StickyHeaderTableViewController.swift */ = {isa = PBXFileReference; fileEncoding = 4; lastKnownFileType = sourcecode.swift; path = StickyHeaderTableViewController.swift; sourceTree = "<group>"; };
		9C5184B11E56050600FBF02A /* TargetsPickerViewController.swift */ = {isa = PBXFileReference; fileEncoding = 4; lastKnownFileType = sourcecode.swift; path = TargetsPickerViewController.swift; sourceTree = "<group>"; };
		9C5184B31E5605D600FBF02A /* TargetPickerTableViewCell.swift */ = {isa = PBXFileReference; fileEncoding = 4; lastKnownFileType = sourcecode.swift; path = TargetPickerTableViewCell.swift; sourceTree = "<group>"; };
		9C5184B51E56061000FBF02A /* TargetPickerTableViewCellSelectedView.swift */ = {isa = PBXFileReference; fileEncoding = 4; lastKnownFileType = sourcecode.swift; path = TargetPickerTableViewCellSelectedView.swift; sourceTree = "<group>"; };
		9C5184B71E5612A900FBF02A /* UITableViewCell+ReuseIdentifier.swift */ = {isa = PBXFileReference; fileEncoding = 4; lastKnownFileType = sourcecode.swift; path = "UITableViewCell+ReuseIdentifier.swift"; sourceTree = "<group>"; };
		9C71026F1E5489F60058E8C4 /* API.swift */ = {isa = PBXFileReference; fileEncoding = 4; lastKnownFileType = sourcecode.swift; name = API.swift; path = Common/API.swift; sourceTree = SOURCE_ROOT; };
		9C7102741E548EC10058E8C4 /* Base */ = {isa = PBXFileReference; lastKnownFileType = text.plist.strings; name = Base; path = Base.lproj/Localizable.strings; sourceTree = "<group>"; };
		9C7102761E548F1F0058E8C4 /* String+Localized.swift */ = {isa = PBXFileReference; fileEncoding = 4; lastKnownFileType = sourcecode.swift; name = "String+Localized.swift"; path = "Common/String+Localized.swift"; sourceTree = SOURCE_ROOT; };
		9C7D2D481E5651A4007D89E3 /* UIView+Animations.swift */ = {isa = PBXFileReference; fileEncoding = 4; lastKnownFileType = sourcecode.swift; path = "UIView+Animations.swift"; sourceTree = "<group>"; };
		9C88D2721E65AE7C009B0D9B /* Assets.xcassets */ = {isa = PBXFileReference; lastKnownFileType = folder.assetcatalog; path = Assets.xcassets; sourceTree = "<group>"; };
		9C88D2751E65B101009B0D9B /* Base */ = {isa = PBXFileReference; lastKnownFileType = text.plist.strings; name = Base; path = Base.lproj/Localizable.strings; sourceTree = "<group>"; };
		9C88D27A1E65C7B4009B0D9B /* TargetTableViewCell.swift */ = {isa = PBXFileReference; fileEncoding = 4; lastKnownFileType = sourcecode.swift; path = TargetTableViewCell.swift; sourceTree = "<group>"; };
		9C96AC1B1E65739C00B588CD /* ErrorViewController.swift */ = {isa = PBXFileReference; fileEncoding = 4; lastKnownFileType = sourcecode.swift; path = ErrorViewController.swift; sourceTree = "<group>"; };
		9C96AC1D1E6573F400B588CD /* TargetsViewController.swift */ = {isa = PBXFileReference; fileEncoding = 4; lastKnownFileType = sourcecode.swift; path = TargetsViewController.swift; sourceTree = "<group>"; };
		9C96AC201E65755000B588CD /* UIViewController+Storyboard.swift */ = {isa = PBXFileReference; fileEncoding = 4; lastKnownFileType = sourcecode.swift; name = "UIViewController+Storyboard.swift"; path = "LIFX Widget Today Extension/UIViewController+Storyboard.swift"; sourceTree = SOURCE_ROOT; };
		9CA5D07D1E58B76B00975C96 /* ColorsListViewController.swift */ = {isa = PBXFileReference; fileEncoding = 4; lastKnownFileType = sourcecode.swift; path = ColorsListViewController.swift; sourceTree = "<group>"; };
		9CA5D07F1E58B78400975C96 /* Color.swift */ = {isa = PBXFileReference; fileEncoding = 4; lastKnownFileType = sourcecode.swift; path = Color.swift; sourceTree = "<group>"; };
		9CA5D0831E5B6EE500975C96 /* UIColor+LIFX.swift */ = {isa = PBXFileReference; fileEncoding = 4; lastKnownFileType = sourcecode.swift; path = "UIColor+LIFX.swift"; sourceTree = "<group>"; };
		9CA5D0871E5B87FD00975C96 /* ColorTableViewCell.swift */ = {isa = PBXFileReference; fileEncoding = 4; lastKnownFileType = sourcecode.swift; path = ColorTableViewCell.swift; sourceTree = "<group>"; };
		9CA5D08B1E5CE29400975C96 /* ColorPickerViewController.swift */ = {isa = PBXFileReference; fileEncoding = 4; lastKnownFileType = sourcecode.swift; path = ColorPickerViewController.swift; sourceTree = "<group>"; };
		9CA5D08D1E5CE37500975C96 /* ColorPickerColorController.swift */ = {isa = PBXFileReference; fileEncoding = 4; lastKnownFileType = sourcecode.swift; path = ColorPickerColorController.swift; sourceTree = "<group>"; };
		9CA5D08F1E5CE38200975C96 /* ColorPickerWhiteController.swift */ = {isa = PBXFileReference; fileEncoding = 4; lastKnownFileType = sourcecode.swift; path = ColorPickerWhiteController.swift; sourceTree = "<group>"; };
		9CBC51E01E61B1D00040E4CC /* TargetsPickerPersistanceViewController.swift */ = {isa = PBXFileReference; fileEncoding = 4; lastKnownFileType = sourcecode.swift; path = TargetsPickerPersistanceViewController.swift; sourceTree = "<group>"; };
		9CBC51E21E61B32F0040E4CC /* TargetsPickerFeedbackViewController.swift */ = {isa = PBXFileReference; fileEncoding = 4; lastKnownFileType = sourcecode.swift; path = TargetsPickerFeedbackViewController.swift; sourceTree = "<group>"; };
		9CBC51E51E61CD390040E4CC /* Brightness.swift */ = {isa = PBXFileReference; fileEncoding = 4; lastKnownFileType = sourcecode.swift; path = Brightness.swift; sourceTree = "<group>"; };
		9CBC51EB1E61D3DC0040E4CC /* BrightnessesListViewController.swift */ = {isa = PBXFileReference; fileEncoding = 4; lastKnownFileType = sourcecode.swift; path = BrightnessesListViewController.swift; sourceTree = "<group>"; };
		9CBC51ED1E61D4630040E4CC /* BrightnessTableViewCell.swift */ = {isa = PBXFileReference; fileEncoding = 4; lastKnownFileType = sourcecode.swift; path = BrightnessTableViewCell.swift; sourceTree = "<group>"; };
		9CBC51F01E61FB970040E4CC /* BrightnessPickerViewController.swift */ = {isa = PBXFileReference; fileEncoding = 4; lastKnownFileType = sourcecode.swift; path = BrightnessPickerViewController.swift; sourceTree = "<group>"; };
		9CBC51F31E6219670040E4CC /* TargetsReorderViewController.swift */ = {isa = PBXFileReference; fileEncoding = 4; lastKnownFileType = sourcecode.swift; path = TargetsReorderViewController.swift; sourceTree = "<group>"; };
		9CBC51F51E621A0B0040E4CC /* TargetsReorderTableViewCell.swift */ = {isa = PBXFileReference; fileEncoding = 4; lastKnownFileType = sourcecode.swift; path = TargetsReorderTableViewCell.swift; sourceTree = "<group>"; };
		9CBC51F71E62210F0040E4CC /* UIKit+Localizable.swift */ = {isa = PBXFileReference; fileEncoding = 4; lastKnownFileType = sourcecode.swift; path = "UIKit+Localizable.swift"; sourceTree = "<group>"; };
		9CBC51F91E622C0A0040E4CC /* UIKit+Uppercased.swift */ = {isa = PBXFileReference; fileEncoding = 4; lastKnownFileType = sourcecode.swift; path = "UIKit+Uppercased.swift"; sourceTree = "<group>"; };
		9CBC51FD1E622F680040E4CC /* TutorialSpacedLabel.swift */ = {isa = PBXFileReference; fileEncoding = 4; lastKnownFileType = sourcecode.swift; path = TutorialSpacedLabel.swift; sourceTree = "<group>"; };
		9CBC51FF1E6231960040E4CC /* TutorialHTMLLabel.swift */ = {isa = PBXFileReference; fileEncoding = 4; lastKnownFileType = sourcecode.swift; path = TutorialHTMLLabel.swift; sourceTree = "<group>"; };
		9CCAA2411E5F311200AE10D0 /* Array+Misc.swift */ = {isa = PBXFileReference; fileEncoding = 4; lastKnownFileType = sourcecode.swift; path = "Array+Misc.swift"; sourceTree = "<group>"; };
		9CCAA2431E5F4AC700AE10D0 /* WhiteGradientView.swift */ = {isa = PBXFileReference; fileEncoding = 4; lastKnownFileType = sourcecode.swift; path = WhiteGradientView.swift; sourceTree = "<group>"; };
		9CCAA2481E5F4BD700AE10D0 /* WhiteGradientIndicatorView.swift */ = {isa = PBXFileReference; fileEncoding = 4; lastKnownFileType = sourcecode.swift; path = WhiteGradientIndicatorView.swift; sourceTree = "<group>"; };
		9CCAA24A1E602C1E00AE10D0 /* Comparable+Range.swift */ = {isa = PBXFileReference; fileEncoding = 4; lastKnownFileType = sourcecode.swift; path = "Comparable+Range.swift"; sourceTree = "<group>"; };
		C6C7F0FC16A47CC7DC8C9559 /* Pods_LIFX_Widget_WatchKit_Extension.framework */ = {isa = PBXFileReference; explicitFileType = wrapper.framework; includeInIndex = 0; path = Pods_LIFX_Widget_WatchKit_Extension.framework; sourceTree = BUILT_PRODUCTS_DIR; };
		D7AD68985F779096452056C0 /* Pods_LIFX_Widget_Today_Extension.framework */ = {isa = PBXFileReference; explicitFileType = wrapper.framework; includeInIndex = 0; path = Pods_LIFX_Widget_Today_Extension.framework; sourceTree = BUILT_PRODUCTS_DIR; };
		EC4E30C8B8AFA86C211E0342 /* Pods_LIFX_Widget_WatchKit_App.framework */ = {isa = PBXFileReference; explicitFileType = wrapper.framework; includeInIndex = 0; path = Pods_LIFX_Widget_WatchKit_App.framework; sourceTree = BUILT_PRODUCTS_DIR; };
		EEC77FF9B503EB33A34653C2 /* Pods-LIFX Widget WatchKit Extension.release.xcconfig */ = {isa = PBXFileReference; includeInIndex = 1; lastKnownFileType = text.xcconfig; name = "Pods-LIFX Widget WatchKit Extension.release.xcconfig"; path = "Pods/Target Support Files/Pods-LIFX Widget WatchKit Extension/Pods-LIFX Widget WatchKit Extension.release.xcconfig"; sourceTree = "<group>"; };
/* End PBXFileReference section */

/* Begin PBXFrameworksBuildPhase section */
		9C05851F1E545E7900CF3AFA /* Frameworks */ = {
			isa = PBXFrameworksBuildPhase;
			buildActionMask = 2147483647;
			files = (
				7261A324F10AC6908E354C51 /* Pods_LIFX_Widget.framework in Frameworks */,
			);
			runOnlyForDeploymentPostprocessing = 0;
		};
		9C0585401E545E7900CF3AFA /* Frameworks */ = {
			isa = PBXFrameworksBuildPhase;
			buildActionMask = 2147483647;
			files = (
				D48F821AEB90669BC62BE834 /* Pods_LIFX_Widget_WatchKit_Extension.framework in Frameworks */,
			);
			runOnlyForDeploymentPostprocessing = 0;
		};
		9C05855D1E5460E500CF3AFA /* Frameworks */ = {
			isa = PBXFrameworksBuildPhase;
			buildActionMask = 2147483647;
			files = (
				9C0585631E5460E500CF3AFA /* NotificationCenter.framework in Frameworks */,
				3BB9D953993156D809F9F9F6 /* Pods_LIFX_Widget_Today_Extension.framework in Frameworks */,
			);
			runOnlyForDeploymentPostprocessing = 0;
		};
		C4922CAB5C1A9B21B0DC6437 /* Frameworks */ = {
			isa = PBXFrameworksBuildPhase;
			buildActionMask = 2147483647;
			files = (
				567915C8DE392E19EC9018DF /* Pods_LIFX_Widget_WatchKit_App.framework in Frameworks */,
			);
			runOnlyForDeploymentPostprocessing = 0;
		};
/* End PBXFrameworksBuildPhase section */

/* Begin PBXGroup section */
		5827DC38520CA6539271A18A /* Pods */ = {
			isa = PBXGroup;
			children = (
				058D4FB44BB348822E700F24 /* Pods-LIFX Widget.debug.xcconfig */,
				5B35D188BD5DD413FA6CDD8C /* Pods-LIFX Widget.release.xcconfig */,
				99E300BA004279B8AF499332 /* Pods-LIFX Widget Today Extension.debug.xcconfig */,
				235E60BFD2B96E08E5C5834E /* Pods-LIFX Widget Today Extension.release.xcconfig */,
				71B4DA4E02667009ADA6CF61 /* Pods-LIFX Widget WatchKit App.debug.xcconfig */,
				47F02010C0E91A9EB00AA391 /* Pods-LIFX Widget WatchKit App.release.xcconfig */,
				4DF83DF2F0A329487829793C /* Pods-LIFX Widget WatchKit Extension.debug.xcconfig */,
				EEC77FF9B503EB33A34653C2 /* Pods-LIFX Widget WatchKit Extension.release.xcconfig */,
			);
			name = Pods;
			sourceTree = "<group>";
		};
		9C0585191E545E7900CF3AFA = {
			isa = PBXGroup;
			children = (
				9C0585241E545E7900CF3AFA /* LIFX Widget */,
				9C0585381E545E7900CF3AFA /* LIFX Widget WatchKit App */,
				9C0585471E545E7900CF3AFA /* LIFX Widget WatchKit Extension */,
				9C0585641E5460E500CF3AFA /* LIFX Widget Today Extension */,
				9C71026E1E5489E40058E8C4 /* Common */,
				9C0585611E5460E500CF3AFA /* Frameworks */,
				9C0585231E545E7900CF3AFA /* Products */,
				5827DC38520CA6539271A18A /* Pods */,
			);
			sourceTree = "<group>";
		};
		9C0585231E545E7900CF3AFA /* Products */ = {
			isa = PBXGroup;
			children = (
				9C0585221E545E7900CF3AFA /* LIFX Widget.app */,
				9C0585341E545E7900CF3AFA /* LIFX Widget WatchKit App.app */,
				9C0585431E545E7900CF3AFA /* LIFX Widget WatchKit Extension.appex */,
				9C0585601E5460E500CF3AFA /* LIFX Widget Today Extension.appex */,
			);
			name = Products;
			sourceTree = "<group>";
		};
		9C0585241E545E7900CF3AFA /* LIFX Widget */ = {
			isa = PBXGroup;
			children = (
				9C5184841E54B13B00FBF02A /* LIFX Widget.entitlements */,
				9C7102611E5463D70058E8C4 /* Controllers */,
				9C7D2D471E565198007D89E3 /* Extensions */,
				9C7102601E5463CD0058E8C4 /* Other sources */,
				9C71025F1E5463C10058E8C4 /* Storyboards */,
				9C71025E1E5463B60058E8C4 /* Resources */,
			);
			path = "LIFX Widget";
			sourceTree = "<group>";
		};
		9C0585381E545E7900CF3AFA /* LIFX Widget WatchKit App */ = {
			isa = PBXGroup;
			children = (
				9C7102621E5463F60058E8C4 /* Storyboards */,
				9C7102631E5463FC0058E8C4 /* Resources */,
			);
			path = "LIFX Widget WatchKit App";
			sourceTree = "<group>";
		};
		9C0585471E545E7900CF3AFA /* LIFX Widget WatchKit Extension */ = {
			isa = PBXGroup;
			children = (
				9C7102661E5464220058E8C4 /* Controllers */,
				9C7102651E54640F0058E8C4 /* Other sources */,
				9C7102641E54640A0058E8C4 /* Resources */,
			);
			path = "LIFX Widget WatchKit Extension";
			sourceTree = "<group>";
		};
		9C0585611E5460E500CF3AFA /* Frameworks */ = {
			isa = PBXGroup;
			children = (
				9C0585621E5460E500CF3AFA /* NotificationCenter.framework */,
				5098055A89269472C5F1F221 /* Pods_LIFX_Widget.framework */,
				D7AD68985F779096452056C0 /* Pods_LIFX_Widget_Today_Extension.framework */,
				EC4E30C8B8AFA86C211E0342 /* Pods_LIFX_Widget_WatchKit_App.framework */,
				C6C7F0FC16A47CC7DC8C9559 /* Pods_LIFX_Widget_WatchKit_Extension.framework */,
			);
			name = Frameworks;
			sourceTree = "<group>";
		};
		9C0585641E5460E500CF3AFA /* LIFX Widget Today Extension */ = {
			isa = PBXGroup;
			children = (
				9C5184851E54B15300FBF02A /* LIFX Widget Today Extension.entitlements */,
				9C7102691E5464350058E8C4 /* Controllers */,
				9C88D27D1E65CB2B009B0D9B /* Extensions */,
				9C7102681E5464300058E8C4 /* Storyboards */,
				9C7102671E54642B0058E8C4 /* Resources */,
			);
			path = "LIFX Widget Today Extension";
			sourceTree = "<group>";
		};
		9C5184861E54B8ED00FBF02A /* Home */ = {
			isa = PBXGroup;
			children = (
				9C0585271E545E7900CF3AFA /* HomeViewController.swift */,
			);
			name = Home;
			sourceTree = "<group>";
		};
		9C5184871E54B8F300FBF02A /* Tutorial */ = {
			isa = PBXGroup;
			children = (
				9C5184881E54B92500FBF02A /* TutorialViewController.swift */,
				9C51848D1E54BE9800FBF02A /* TutorialAnimatedTransitioning.swift */,
				9C5184911E54C42D00FBF02A /* TutorialView.swift */,
				9CBC51FD1E622F680040E4CC /* TutorialSpacedLabel.swift */,
				9CBC51FF1E6231960040E4CC /* TutorialHTMLLabel.swift */,
			);
			name = Tutorial;
			sourceTree = "<group>";
		};
		9C5184931E559AA300FBF02A /* Token picker */ = {
			isa = PBXGroup;
			children = (
				9C5184941E559AE400FBF02A /* TokenPickerViewController.swift */,
			);
			name = "Token picker";
			sourceTree = "<group>";
		};
		9C51849D1E55E27C00FBF02A /* Models */ = {
			isa = PBXGroup;
			children = (
				9C5184A91E55EB5F00FBF02A /* PersistanceManager.swift */,
				9C51849E1E55E28400FBF02A /* JSONable.swift */,
				9C5184991E55DCF400FBF02A /* Target.swift */,
				9CA5D07F1E58B78400975C96 /* Color.swift */,
				9CBC51E51E61CD390040E4CC /* Brightness.swift */,
			);
			name = Models;
			sourceTree = "<group>";
		};
		9C5184AD1E56031D00FBF02A /* Targets picker */ = {
			isa = PBXGroup;
			children = (
				9CBC51DF1E61B1810040E4CC /* Controller */,
				9CBC51F21E62192C0040E4CC /* Reorder */,
				9C5184B31E5605D600FBF02A /* TargetPickerTableViewCell.swift */,
				9C5184B51E56061000FBF02A /* TargetPickerTableViewCellSelectedView.swift */,
			);
			name = "Targets picker";
			sourceTree = "<group>";
		};
		9C5184AE1E56032800FBF02A /* Pickers */ = {
			isa = PBXGroup;
			children = (
				9C5184AF1E56033900FBF02A /* StickyHeaderTableViewController.swift */,
				9C5184AD1E56031D00FBF02A /* Targets picker */,
				9CA5D07C1E58B71F00975C96 /* Colors picker */,
				9CBC51E91E61D37C0040E4CC /* Brightnesses picker */,
			);
			name = Pickers;
			sourceTree = "<group>";
		};
		9C71025E1E5463B60058E8C4 /* Resources */ = {
			isa = PBXGroup;
			children = (
				9C05852C1E545E7900CF3AFA /* Assets.xcassets */,
				9C7102731E548EC10058E8C4 /* Localizable.strings */,
				9C0585311E545E7900CF3AFA /* Info.plist */,
			);
			name = Resources;
			sourceTree = "<group>";
		};
		9C71025F1E5463C10058E8C4 /* Storyboards */ = {
			isa = PBXGroup;
			children = (
				9C0585291E545E7900CF3AFA /* Main.storyboard */,
				9C05852E1E545E7900CF3AFA /* LaunchScreen.storyboard */,
			);
			name = Storyboards;
			sourceTree = "<group>";
		};
		9C7102601E5463CD0058E8C4 /* Other sources */ = {
			isa = PBXGroup;
			children = (
				9C0585251E545E7900CF3AFA /* AppDelegate.swift */,
			);
			name = "Other sources";
			sourceTree = "<group>";
		};
		9C7102611E5463D70058E8C4 /* Controllers */ = {
			isa = PBXGroup;
			children = (
				9C5184861E54B8ED00FBF02A /* Home */,
				9C5184871E54B8F300FBF02A /* Tutorial */,
				9C5184931E559AA300FBF02A /* Token picker */,
				9C5184AE1E56032800FBF02A /* Pickers */,
			);
			name = Controllers;
			sourceTree = "<group>";
		};
		9C7102621E5463F60058E8C4 /* Storyboards */ = {
			isa = PBXGroup;
			children = (
				9C0585391E545E7900CF3AFA /* Interface.storyboard */,
			);
			name = Storyboards;
			sourceTree = "<group>";
		};
		9C7102631E5463FC0058E8C4 /* Resources */ = {
			isa = PBXGroup;
			children = (
				9C05853C1E545E7900CF3AFA /* Assets.xcassets */,
				9C05853E1E545E7900CF3AFA /* Info.plist */,
			);
			name = Resources;
			sourceTree = "<group>";
		};
		9C7102641E54640A0058E8C4 /* Resources */ = {
			isa = PBXGroup;
			children = (
				9C05854C1E545E7900CF3AFA /* Assets.xcassets */,
				9C05854E1E545E7900CF3AFA /* Info.plist */,
			);
			name = Resources;
			sourceTree = "<group>";
		};
		9C7102651E54640F0058E8C4 /* Other sources */ = {
			isa = PBXGroup;
			children = (
				9C05854A1E545E7900CF3AFA /* ExtensionDelegate.swift */,
			);
			name = "Other sources";
			sourceTree = "<group>";
		};
		9C7102661E5464220058E8C4 /* Controllers */ = {
			isa = PBXGroup;
			children = (
				9C0585481E545E7900CF3AFA /* InterfaceController.swift */,
			);
			name = Controllers;
			sourceTree = "<group>";
		};
		9C7102671E54642B0058E8C4 /* Resources */ = {
			isa = PBXGroup;
			children = (
				9C05856A1E5460E500CF3AFA /* Info.plist */,
				9C88D2721E65AE7C009B0D9B /* Assets.xcassets */,
				9C88D2741E65B101009B0D9B /* Localizable.strings */,
			);
			name = Resources;
			sourceTree = "<group>";
		};
		9C7102681E5464300058E8C4 /* Storyboards */ = {
			isa = PBXGroup;
			children = (
				9C0585671E5460E500CF3AFA /* MainInterface.storyboard */,
			);
			name = Storyboards;
			sourceTree = "<group>";
		};
		9C7102691E5464350058E8C4 /* Controllers */ = {
			isa = PBXGroup;
			children = (
				9C88D26E1E657D31009B0D9B /* Main controller */,
				9C88D2711E657D4F009B0D9B /* Targets */,
				9C88D2701E657D41009B0D9B /* Error */,
			);
			name = Controllers;
			sourceTree = "<group>";
		};
		9C71026E1E5489E40058E8C4 /* Common */ = {
			isa = PBXGroup;
			children = (
				9C71026F1E5489F60058E8C4 /* API.swift */,
				9C5184801E54AD5300FBF02A /* Defaults.swift */,
				9CCAA2401E5F30EA00AE10D0 /* Extensions */,
				9C51849D1E55E27C00FBF02A /* Models */,
			);
			name = Common;
			path = "LIFX Widget";
			sourceTree = "<group>";
		};
		9C7D2D471E565198007D89E3 /* Extensions */ = {
			isa = PBXGroup;
			children = (
				9CCAA2411E5F311200AE10D0 /* Array+Misc.swift */,
				9C7D2D481E5651A4007D89E3 /* UIView+Animations.swift */,
				9CBC51F71E62210F0040E4CC /* UIKit+Localizable.swift */,
				9CBC51F91E622C0A0040E4CC /* UIKit+Uppercased.swift */,
			);
			name = Extensions;
			sourceTree = "<group>";
		};
		9C88D26E1E657D31009B0D9B /* Main controller */ = {
			isa = PBXGroup;
			children = (
				9C0585651E5460E500CF3AFA /* WidgetViewController.swift */,
			);
			name = "Main controller";
			sourceTree = "<group>";
		};
		9C88D2701E657D41009B0D9B /* Error */ = {
			isa = PBXGroup;
			children = (
				9C96AC1B1E65739C00B588CD /* ErrorViewController.swift */,
			);
			name = Error;
			sourceTree = "<group>";
		};
		9C88D2711E657D4F009B0D9B /* Targets */ = {
			isa = PBXGroup;
			children = (
				9C96AC1D1E6573F400B588CD /* TargetsViewController.swift */,
				9C88D27A1E65C7B4009B0D9B /* TargetTableViewCell.swift */,
			);
			name = Targets;
			sourceTree = "<group>";
		};
		9C88D27D1E65CB2B009B0D9B /* Extensions */ = {
			isa = PBXGroup;
			children = (
				9C96AC201E65755000B588CD /* UIViewController+Storyboard.swift */,
			);
			name = Extensions;
			sourceTree = "<group>";
		};
		9CA5D07C1E58B71F00975C96 /* Colors picker */ = {
			isa = PBXGroup;
			children = (
				9CA5D0891E5CE27200975C96 /* List */,
				9CA5D08A1E5CE27A00975C96 /* Picker */,
			);
			name = "Colors picker";
			sourceTree = "<group>";
		};
		9CA5D0891E5CE27200975C96 /* List */ = {
			isa = PBXGroup;
			children = (
				9CA5D07D1E58B76B00975C96 /* ColorsListViewController.swift */,
				9CA5D0871E5B87FD00975C96 /* ColorTableViewCell.swift */,
			);
			name = List;
			sourceTree = "<group>";
		};
		9CA5D08A1E5CE27A00975C96 /* Picker */ = {
			isa = PBXGroup;
			children = (
				9CA5D08B1E5CE29400975C96 /* ColorPickerViewController.swift */,
				9CCAA2451E5F4B8600AE10D0 /* Colors */,
				9CCAA2461E5F4B8C00AE10D0 /* Whites */,
			);
			name = Picker;
			sourceTree = "<group>";
		};
		9CBC51DF1E61B1810040E4CC /* Controller */ = {
			isa = PBXGroup;
			children = (
				9C5184B11E56050600FBF02A /* TargetsPickerViewController.swift */,
				9CBC51E01E61B1D00040E4CC /* TargetsPickerPersistanceViewController.swift */,
				9CBC51E21E61B32F0040E4CC /* TargetsPickerFeedbackViewController.swift */,
			);
			name = Controller;
			sourceTree = "<group>";
		};
		9CBC51E91E61D37C0040E4CC /* Brightnesses picker */ = {
			isa = PBXGroup;
			children = (
				9CBC51EA1E61D3910040E4CC /* List */,
				9CBC51EF1E61FB760040E4CC /* Picker */,
			);
			name = "Brightnesses picker";
			sourceTree = "<group>";
		};
		9CBC51EA1E61D3910040E4CC /* List */ = {
			isa = PBXGroup;
			children = (
				9CBC51EB1E61D3DC0040E4CC /* BrightnessesListViewController.swift */,
				9CBC51ED1E61D4630040E4CC /* BrightnessTableViewCell.swift */,
			);
			name = List;
			sourceTree = "<group>";
		};
		9CBC51EF1E61FB760040E4CC /* Picker */ = {
			isa = PBXGroup;
			children = (
				9CBC51F01E61FB970040E4CC /* BrightnessPickerViewController.swift */,
			);
			name = Picker;
			sourceTree = "<group>";
		};
		9CBC51F21E62192C0040E4CC /* Reorder */ = {
			isa = PBXGroup;
			children = (
				9CBC51F31E6219670040E4CC /* TargetsReorderViewController.swift */,
				9CBC51F51E621A0B0040E4CC /* TargetsReorderTableViewCell.swift */,
			);
			name = Reorder;
			sourceTree = "<group>";
		};
		9CCAA2401E5F30EA00AE10D0 /* Extensions */ = {
			isa = PBXGroup;
			children = (
				9C7102761E548F1F0058E8C4 /* String+Localized.swift */,
				9C5184B71E5612A900FBF02A /* UITableViewCell+ReuseIdentifier.swift */,
				9CA5D0831E5B6EE500975C96 /* UIColor+LIFX.swift */,
				9CCAA24A1E602C1E00AE10D0 /* Comparable+Range.swift */,
			);
			name = Extensions;
			sourceTree = "<group>";
		};
		9CCAA2451E5F4B8600AE10D0 /* Colors */ = {
			isa = PBXGroup;
			children = (
				9CA5D08D1E5CE37500975C96 /* ColorPickerColorController.swift */,
			);
			name = Colors;
			sourceTree = "<group>";
		};
		9CCAA2461E5F4B8C00AE10D0 /* Whites */ = {
			isa = PBXGroup;
			children = (
				9CA5D08F1E5CE38200975C96 /* ColorPickerWhiteController.swift */,
				9CCAA2471E5F4B9200AE10D0 /* Views */,
			);
			name = Whites;
			sourceTree = "<group>";
		};
		9CCAA2471E5F4B9200AE10D0 /* Views */ = {
			isa = PBXGroup;
			children = (
				9CCAA2431E5F4AC700AE10D0 /* WhiteGradientView.swift */,
				9CCAA2481E5F4BD700AE10D0 /* WhiteGradientIndicatorView.swift */,
			);
			name = Views;
			sourceTree = "<group>";
		};
/* End PBXGroup section */

/* Begin PBXNativeTarget section */
		9C0585211E545E7900CF3AFA /* LIFX Widget */ = {
			isa = PBXNativeTarget;
			buildConfigurationList = 9C0585591E545E7900CF3AFA /* Build configuration list for PBXNativeTarget "LIFX Widget" */;
			buildPhases = (
				3DE7104F8BDEC5185DF01C06 /* [CP] Check Pods Manifest.lock */,
				9C71026A1E546A6E0058E8C4 /* SwiftLint */,
				9C05851E1E545E7900CF3AFA /* Sources */,
				9C05851F1E545E7900CF3AFA /* Frameworks */,
				9C0585201E545E7900CF3AFA /* Resources */,
				9C0585581E545E7900CF3AFA /* Embed Watch Content */,
				9C0585711E5460E500CF3AFA /* Embed App Extensions */,
				D49AE47B7BE0B0BBC856868F /* [CP] Embed Pods Frameworks */,
				B967DF2C27ECFC67CB1C70F8 /* [CP] Copy Pods Resources */,
			);
			buildRules = (
			);
			dependencies = (
				9C0585371E545E7900CF3AFA /* PBXTargetDependency */,
				9C05856C1E5460E500CF3AFA /* PBXTargetDependency */,
			);
			name = "LIFX Widget";
			productName = "LIFX Widget";
			productReference = 9C0585221E545E7900CF3AFA /* LIFX Widget.app */;
			productType = "com.apple.product-type.application";
		};
		9C0585331E545E7900CF3AFA /* LIFX Widget WatchKit App */ = {
			isa = PBXNativeTarget;
			buildConfigurationList = 9C0585551E545E7900CF3AFA /* Build configuration list for PBXNativeTarget "LIFX Widget WatchKit App" */;
			buildPhases = (
				000D5F060789324BE2C0379F /* [CP] Check Pods Manifest.lock */,
				9C0585321E545E7900CF3AFA /* Resources */,
				9C0585541E545E7900CF3AFA /* Embed App Extensions */,
				C4922CAB5C1A9B21B0DC6437 /* Frameworks */,
				3E82E8BE44DF1830D2950A99 /* [CP] Copy Pods Resources */,
			);
			buildRules = (
			);
			dependencies = (
				9C0585461E545E7900CF3AFA /* PBXTargetDependency */,
			);
			name = "LIFX Widget WatchKit App";
			productName = "LIFX Widget WatchKit App";
			productReference = 9C0585341E545E7900CF3AFA /* LIFX Widget WatchKit App.app */;
			productType = "com.apple.product-type.application.watchapp2";
		};
		9C0585421E545E7900CF3AFA /* LIFX Widget WatchKit Extension */ = {
			isa = PBXNativeTarget;
			buildConfigurationList = 9C0585511E545E7900CF3AFA /* Build configuration list for PBXNativeTarget "LIFX Widget WatchKit Extension" */;
			buildPhases = (
				9E98B50E9EB61485A0A4514D /* [CP] Check Pods Manifest.lock */,
				9C05853F1E545E7900CF3AFA /* Sources */,
				9C0585401E545E7900CF3AFA /* Frameworks */,
				9C0585411E545E7900CF3AFA /* Resources */,
				29E9D3E6857FD3895B841D2B /* [CP] Embed Pods Frameworks */,
				1CC16DD22BFA3BD9294F1B91 /* [CP] Copy Pods Resources */,
			);
			buildRules = (
			);
			dependencies = (
			);
			name = "LIFX Widget WatchKit Extension";
			productName = "LIFX Widget WatchKit Extension";
			productReference = 9C0585431E545E7900CF3AFA /* LIFX Widget WatchKit Extension.appex */;
			productType = "com.apple.product-type.watchkit2-extension";
		};
		9C05855F1E5460E500CF3AFA /* LIFX Widget Today Extension */ = {
			isa = PBXNativeTarget;
			buildConfigurationList = 9C0585701E5460E500CF3AFA /* Build configuration list for PBXNativeTarget "LIFX Widget Today Extension" */;
			buildPhases = (
				EB69063C42732552D086683A /* [CP] Check Pods Manifest.lock */,
				9C05855C1E5460E500CF3AFA /* Sources */,
				9C05855D1E5460E500CF3AFA /* Frameworks */,
				9C05855E1E5460E500CF3AFA /* Resources */,
				B8B29CDC9FF8CDCDE485D32E /* [CP] Copy Pods Resources */,
			);
			buildRules = (
			);
			dependencies = (
			);
			name = "LIFX Widget Today Extension";
			productName = "LIFX Widget Today Extension";
			productReference = 9C0585601E5460E500CF3AFA /* LIFX Widget Today Extension.appex */;
			productType = "com.apple.product-type.app-extension";
		};
/* End PBXNativeTarget section */

/* Begin PBXProject section */
		9C05851A1E545E7900CF3AFA /* Project object */ = {
			isa = PBXProject;
			attributes = {
				LastSwiftUpdateCheck = 0820;
				LastUpgradeCheck = 0820;
				ORGANIZATIONNAME = DCMaxxx;
				TargetAttributes = {
					9C0585211E545E7900CF3AFA = {
						CreatedOnToolsVersion = 8.2.1;
						DevelopmentTeam = 8DGT2SD8VC;
						ProvisioningStyle = Automatic;
						SystemCapabilities = {
							com.apple.ApplicationGroups.iOS = {
								enabled = 1;
							};
						};
					};
					9C0585331E545E7900CF3AFA = {
						CreatedOnToolsVersion = 8.2.1;
						DevelopmentTeam = 8DGT2SD8VC;
						ProvisioningStyle = Automatic;
					};
					9C0585421E545E7900CF3AFA = {
						CreatedOnToolsVersion = 8.2.1;
						DevelopmentTeam = 8DGT2SD8VC;
						ProvisioningStyle = Automatic;
					};
					9C05855F1E5460E500CF3AFA = {
						CreatedOnToolsVersion = 8.2.1;
						DevelopmentTeam = 8DGT2SD8VC;
						ProvisioningStyle = Automatic;
						SystemCapabilities = {
							com.apple.ApplicationGroups.iOS = {
								enabled = 1;
							};
						};
					};
				};
			};
			buildConfigurationList = 9C05851D1E545E7900CF3AFA /* Build configuration list for PBXProject "LIFX Widget" */;
			compatibilityVersion = "Xcode 3.2";
			developmentRegion = English;
			hasScannedForEncodings = 0;
			knownRegions = (
				en,
				Base,
			);
			mainGroup = 9C0585191E545E7900CF3AFA;
			productRefGroup = 9C0585231E545E7900CF3AFA /* Products */;
			projectDirPath = "";
			projectRoot = "";
			targets = (
				9C0585211E545E7900CF3AFA /* LIFX Widget */,
				9C05855F1E5460E500CF3AFA /* LIFX Widget Today Extension */,
				9C0585331E545E7900CF3AFA /* LIFX Widget WatchKit App */,
				9C0585421E545E7900CF3AFA /* LIFX Widget WatchKit Extension */,
			);
		};
/* End PBXProject section */

/* Begin PBXResourcesBuildPhase section */
		9C0585201E545E7900CF3AFA /* Resources */ = {
			isa = PBXResourcesBuildPhase;
			buildActionMask = 2147483647;
			files = (
				9C0585301E545E7900CF3AFA /* LaunchScreen.storyboard in Resources */,
				9C7102751E548EC10058E8C4 /* Localizable.strings in Resources */,
				9C05852D1E545E7900CF3AFA /* Assets.xcassets in Resources */,
				9C05852B1E545E7900CF3AFA /* Main.storyboard in Resources */,
			);
			runOnlyForDeploymentPostprocessing = 0;
		};
		9C0585321E545E7900CF3AFA /* Resources */ = {
			isa = PBXResourcesBuildPhase;
			buildActionMask = 2147483647;
			files = (
				9C05853D1E545E7900CF3AFA /* Assets.xcassets in Resources */,
				9C05853B1E545E7900CF3AFA /* Interface.storyboard in Resources */,
			);
			runOnlyForDeploymentPostprocessing = 0;
		};
		9C0585411E545E7900CF3AFA /* Resources */ = {
			isa = PBXResourcesBuildPhase;
			buildActionMask = 2147483647;
			files = (
				9C05854D1E545E7900CF3AFA /* Assets.xcassets in Resources */,
			);
			runOnlyForDeploymentPostprocessing = 0;
		};
		9C05855E1E5460E500CF3AFA /* Resources */ = {
			isa = PBXResourcesBuildPhase;
			buildActionMask = 2147483647;
			files = (
				9C88D2731E65AE7C009B0D9B /* Assets.xcassets in Resources */,
				9C88D2761E65B101009B0D9B /* Localizable.strings in Resources */,
				9C0585691E5460E500CF3AFA /* MainInterface.storyboard in Resources */,
			);
			runOnlyForDeploymentPostprocessing = 0;
		};
/* End PBXResourcesBuildPhase section */

/* Begin PBXShellScriptBuildPhase section */
		000D5F060789324BE2C0379F /* [CP] Check Pods Manifest.lock */ = {
			isa = PBXShellScriptBuildPhase;
			buildActionMask = 2147483647;
			files = (
			);
			inputPaths = (
			);
			name = "[CP] Check Pods Manifest.lock";
			outputPaths = (
			);
			runOnlyForDeploymentPostprocessing = 0;
			shellPath = /bin/sh;
			shellScript = "diff \"${PODS_ROOT}/../Podfile.lock\" \"${PODS_ROOT}/Manifest.lock\" > /dev/null\nif [ $? != 0 ] ; then\n    # print error to STDERR\n    echo \"error: The sandbox is not in sync with the Podfile.lock. Run 'pod install' or update your CocoaPods installation.\" >&2\n    exit 1\nfi\n";
			showEnvVarsInLog = 0;
		};
		1CC16DD22BFA3BD9294F1B91 /* [CP] Copy Pods Resources */ = {
			isa = PBXShellScriptBuildPhase;
			buildActionMask = 2147483647;
			files = (
			);
			inputPaths = (
			);
			name = "[CP] Copy Pods Resources";
			outputPaths = (
			);
			runOnlyForDeploymentPostprocessing = 0;
			shellPath = /bin/sh;
			shellScript = "\"${SRCROOT}/Pods/Target Support Files/Pods-LIFX Widget WatchKit Extension/Pods-LIFX Widget WatchKit Extension-resources.sh\"\n";
			showEnvVarsInLog = 0;
		};
		29E9D3E6857FD3895B841D2B /* [CP] Embed Pods Frameworks */ = {
			isa = PBXShellScriptBuildPhase;
			buildActionMask = 2147483647;
			files = (
			);
			inputPaths = (
			);
			name = "[CP] Embed Pods Frameworks";
			outputPaths = (
			);
			runOnlyForDeploymentPostprocessing = 0;
			shellPath = /bin/sh;
			shellScript = "\"${SRCROOT}/Pods/Target Support Files/Pods-LIFX Widget WatchKit Extension/Pods-LIFX Widget WatchKit Extension-frameworks.sh\"\n";
			showEnvVarsInLog = 0;
		};
		3DE7104F8BDEC5185DF01C06 /* [CP] Check Pods Manifest.lock */ = {
			isa = PBXShellScriptBuildPhase;
			buildActionMask = 2147483647;
			files = (
			);
			inputPaths = (
			);
			name = "[CP] Check Pods Manifest.lock";
			outputPaths = (
			);
			runOnlyForDeploymentPostprocessing = 0;
			shellPath = /bin/sh;
			shellScript = "diff \"${PODS_ROOT}/../Podfile.lock\" \"${PODS_ROOT}/Manifest.lock\" > /dev/null\nif [ $? != 0 ] ; then\n    # print error to STDERR\n    echo \"error: The sandbox is not in sync with the Podfile.lock. Run 'pod install' or update your CocoaPods installation.\" >&2\n    exit 1\nfi\n";
			showEnvVarsInLog = 0;
		};
		3E82E8BE44DF1830D2950A99 /* [CP] Copy Pods Resources */ = {
			isa = PBXShellScriptBuildPhase;
			buildActionMask = 2147483647;
			files = (
			);
			inputPaths = (
			);
			name = "[CP] Copy Pods Resources";
			outputPaths = (
			);
			runOnlyForDeploymentPostprocessing = 0;
			shellPath = /bin/sh;
			shellScript = "\"${SRCROOT}/Pods/Target Support Files/Pods-LIFX Widget WatchKit App/Pods-LIFX Widget WatchKit App-resources.sh\"\n";
			showEnvVarsInLog = 0;
		};
		9C71026A1E546A6E0058E8C4 /* SwiftLint */ = {
			isa = PBXShellScriptBuildPhase;
			buildActionMask = 2147483647;
			files = (
			);
			inputPaths = (
			);
			name = SwiftLint;
			outputPaths = (
			);
			runOnlyForDeploymentPostprocessing = 0;
			shellPath = /bin/sh;
			shellScript = "\"${PODS_ROOT}/SwiftLint/swiftlint\"\n";
		};
		9E98B50E9EB61485A0A4514D /* [CP] Check Pods Manifest.lock */ = {
			isa = PBXShellScriptBuildPhase;
			buildActionMask = 2147483647;
			files = (
			);
			inputPaths = (
			);
			name = "[CP] Check Pods Manifest.lock";
			outputPaths = (
			);
			runOnlyForDeploymentPostprocessing = 0;
			shellPath = /bin/sh;
			shellScript = "diff \"${PODS_ROOT}/../Podfile.lock\" \"${PODS_ROOT}/Manifest.lock\" > /dev/null\nif [ $? != 0 ] ; then\n    # print error to STDERR\n    echo \"error: The sandbox is not in sync with the Podfile.lock. Run 'pod install' or update your CocoaPods installation.\" >&2\n    exit 1\nfi\n";
			showEnvVarsInLog = 0;
		};
		B8B29CDC9FF8CDCDE485D32E /* [CP] Copy Pods Resources */ = {
			isa = PBXShellScriptBuildPhase;
			buildActionMask = 2147483647;
			files = (
			);
			inputPaths = (
			);
			name = "[CP] Copy Pods Resources";
			outputPaths = (
			);
			runOnlyForDeploymentPostprocessing = 0;
			shellPath = /bin/sh;
			shellScript = "\"${SRCROOT}/Pods/Target Support Files/Pods-LIFX Widget Today Extension/Pods-LIFX Widget Today Extension-resources.sh\"\n";
			showEnvVarsInLog = 0;
		};
		B967DF2C27ECFC67CB1C70F8 /* [CP] Copy Pods Resources */ = {
			isa = PBXShellScriptBuildPhase;
			buildActionMask = 2147483647;
			files = (
			);
			inputPaths = (
			);
			name = "[CP] Copy Pods Resources";
			outputPaths = (
			);
			runOnlyForDeploymentPostprocessing = 0;
			shellPath = /bin/sh;
			shellScript = "\"${SRCROOT}/Pods/Target Support Files/Pods-LIFX Widget/Pods-LIFX Widget-resources.sh\"\n";
			showEnvVarsInLog = 0;
		};
		D49AE47B7BE0B0BBC856868F /* [CP] Embed Pods Frameworks */ = {
			isa = PBXShellScriptBuildPhase;
			buildActionMask = 2147483647;
			files = (
			);
			inputPaths = (
			);
			name = "[CP] Embed Pods Frameworks";
			outputPaths = (
			);
			runOnlyForDeploymentPostprocessing = 0;
			shellPath = /bin/sh;
			shellScript = "\"${SRCROOT}/Pods/Target Support Files/Pods-LIFX Widget/Pods-LIFX Widget-frameworks.sh\"\n";
			showEnvVarsInLog = 0;
		};
		EB69063C42732552D086683A /* [CP] Check Pods Manifest.lock */ = {
			isa = PBXShellScriptBuildPhase;
			buildActionMask = 2147483647;
			files = (
			);
			inputPaths = (
			);
			name = "[CP] Check Pods Manifest.lock";
			outputPaths = (
			);
			runOnlyForDeploymentPostprocessing = 0;
			shellPath = /bin/sh;
			shellScript = "diff \"${PODS_ROOT}/../Podfile.lock\" \"${PODS_ROOT}/Manifest.lock\" > /dev/null\nif [ $? != 0 ] ; then\n    # print error to STDERR\n    echo \"error: The sandbox is not in sync with the Podfile.lock. Run 'pod install' or update your CocoaPods installation.\" >&2\n    exit 1\nfi\n";
			showEnvVarsInLog = 0;
		};
/* End PBXShellScriptBuildPhase section */

/* Begin PBXSourcesBuildPhase section */
		9C05851E1E545E7900CF3AFA /* Sources */ = {
			isa = PBXSourcesBuildPhase;
			buildActionMask = 2147483647;
			files = (
				9CA5D0901E5CE38200975C96 /* ColorPickerWhiteController.swift in Sources */,
				9CBC51F41E6219670040E4CC /* TargetsReorderViewController.swift in Sources */,
				9C5184B41E5605D600FBF02A /* TargetPickerTableViewCell.swift in Sources */,
				9C0585281E545E7900CF3AFA /* HomeViewController.swift in Sources */,
				9C5184B21E56050600FBF02A /* TargetsPickerViewController.swift in Sources */,
				9CBC51E61E61CD390040E4CC /* Brightness.swift in Sources */,
				9CA5D0841E5B6EE500975C96 /* UIColor+LIFX.swift in Sources */,
				9C5184951E559AE400FBF02A /* TokenPickerViewController.swift in Sources */,
				9CCAA24B1E602C1E00AE10D0 /* Comparable+Range.swift in Sources */,
				9CBC51EE1E61D4630040E4CC /* BrightnessTableViewCell.swift in Sources */,
				9C51848E1E54BE9800FBF02A /* TutorialAnimatedTransitioning.swift in Sources */,
				9C5184B01E56033900FBF02A /* StickyHeaderTableViewController.swift in Sources */,
				9CBC51FA1E622C0A0040E4CC /* UIKit+Uppercased.swift in Sources */,
				9CBC51F61E621A0B0040E4CC /* TargetsReorderTableViewCell.swift in Sources */,
				9CCAA2491E5F4BD700AE10D0 /* WhiteGradientIndicatorView.swift in Sources */,
				9CCAA2441E5F4AC700AE10D0 /* WhiteGradientView.swift in Sources */,
				9CBC51FE1E622F680040E4CC /* TutorialSpacedLabel.swift in Sources */,
				9CA5D0881E5B87FD00975C96 /* ColorTableViewCell.swift in Sources */,
				9CBC51EC1E61D3DC0040E4CC /* BrightnessesListViewController.swift in Sources */,
				9CBC51F11E61FB970040E4CC /* BrightnessPickerViewController.swift in Sources */,
				9C5184AA1E55EB5F00FBF02A /* PersistanceManager.swift in Sources */,
				9CA5D07E1E58B76B00975C96 /* ColorsListViewController.swift in Sources */,
				9C7102701E5489F60058E8C4 /* API.swift in Sources */,
				9C5184811E54AD5300FBF02A /* Defaults.swift in Sources */,
				9C51849A1E55DCF400FBF02A /* Target.swift in Sources */,
				9C5184921E54C42D00FBF02A /* TutorialView.swift in Sources */,
				9CA5D08E1E5CE37500975C96 /* ColorPickerColorController.swift in Sources */,
				9CA5D08C1E5CE29400975C96 /* ColorPickerViewController.swift in Sources */,
				9C5184B81E5612A900FBF02A /* UITableViewCell+ReuseIdentifier.swift in Sources */,
				9CA5D0801E58B78400975C96 /* Color.swift in Sources */,
				9C7102771E548F1F0058E8C4 /* String+Localized.swift in Sources */,
				9CCAA2421E5F311200AE10D0 /* Array+Misc.swift in Sources */,
				9C51849F1E55E28400FBF02A /* JSONable.swift in Sources */,
				9C7D2D491E5651A4007D89E3 /* UIView+Animations.swift in Sources */,
				9C5184891E54B92500FBF02A /* TutorialViewController.swift in Sources */,
				9C5184B61E56061000FBF02A /* TargetPickerTableViewCellSelectedView.swift in Sources */,
				9CBC51E31E61B32F0040E4CC /* TargetsPickerFeedbackViewController.swift in Sources */,
				9CBC51E11E61B1D00040E4CC /* TargetsPickerPersistanceViewController.swift in Sources */,
				9C0585261E545E7900CF3AFA /* AppDelegate.swift in Sources */,
				9CBC52001E6231960040E4CC /* TutorialHTMLLabel.swift in Sources */,
				9CBC51F81E62210F0040E4CC /* UIKit+Localizable.swift in Sources */,
			);
			runOnlyForDeploymentPostprocessing = 0;
		};
		9C05853F1E545E7900CF3AFA /* Sources */ = {
			isa = PBXSourcesBuildPhase;
			buildActionMask = 2147483647;
			files = (
				9CA5D0861E5B6EE500975C96 /* UIColor+LIFX.swift in Sources */,
				9CBC51E81E61CD390040E4CC /* Brightness.swift in Sources */,
				9CCAA24C1E602C6600AE10D0 /* Comparable+Range.swift in Sources */,
				9C88D27C1E65CB07009B0D9B /* PersistanceManager.swift in Sources */,
				9C05854B1E545E7900CF3AFA /* ExtensionDelegate.swift in Sources */,
				9C7102721E5489F60058E8C4 /* API.swift in Sources */,
				9C5184831E54AD5300FBF02A /* Defaults.swift in Sources */,
				9C5184A51E55E3C000FBF02A /* Target.swift in Sources */,
				9C7102791E548F1F0058E8C4 /* String+Localized.swift in Sources */,
				9CA5D0821E58B78400975C96 /* Color.swift in Sources */,
				9C0585491E545E7900CF3AFA /* InterfaceController.swift in Sources */,
				9C5184A41E55E3C000FBF02A /* JSONable.swift in Sources */,
			);
			runOnlyForDeploymentPostprocessing = 0;
		};
		9C05855C1E5460E500CF3AFA /* Sources */ = {
			isa = PBXSourcesBuildPhase;
			buildActionMask = 2147483647;
			files = (
				9CA5D0851E5B6EE500975C96 /* UIColor+LIFX.swift in Sources */,
				9C96AC1C1E65739C00B588CD /* ErrorViewController.swift in Sources */,
				9CBC51E71E61CD390040E4CC /* Brightness.swift in Sources */,
				9CCAA24D1E602C6700AE10D0 /* Comparable+Range.swift in Sources */,
				9C88D27B1E65C7B4009B0D9B /* TargetTableViewCell.swift in Sources */,
				9C96AC1E1E6573F400B588CD /* TargetsViewController.swift in Sources */,
				9C5184A21E55E3BF00FBF02A /* Target.swift in Sources */,
				9C5184A11E55E3BF00FBF02A /* JSONable.swift in Sources */,
				9C7102781E548F1F0058E8C4 /* String+Localized.swift in Sources */,
				9C88D2781E65BB8B009B0D9B /* UIKit+Localizable.swift in Sources */,
				9C5184821E54AD5300FBF02A /* Defaults.swift in Sources */,
				9C0585661E5460E500CF3AFA /* WidgetViewController.swift in Sources */,
				9CA5D0811E58B78400975C96 /* Color.swift in Sources */,
				9C5184B91E5612A900FBF02A /* UITableViewCell+ReuseIdentifier.swift in Sources */,
				9C7102711E5489F60058E8C4 /* API.swift in Sources */,
				9C96AC211E65755000B588CD /* UIViewController+Storyboard.swift in Sources */,
				9C88D2791E65C788009B0D9B /* PersistanceManager.swift in Sources */,
			);
			runOnlyForDeploymentPostprocessing = 0;
		};
/* End PBXSourcesBuildPhase section */

/* Begin PBXTargetDependency section */
		9C0585371E545E7900CF3AFA /* PBXTargetDependency */ = {
			isa = PBXTargetDependency;
			target = 9C0585331E545E7900CF3AFA /* LIFX Widget WatchKit App */;
			targetProxy = 9C0585361E545E7900CF3AFA /* PBXContainerItemProxy */;
		};
		9C0585461E545E7900CF3AFA /* PBXTargetDependency */ = {
			isa = PBXTargetDependency;
			target = 9C0585421E545E7900CF3AFA /* LIFX Widget WatchKit Extension */;
			targetProxy = 9C0585451E545E7900CF3AFA /* PBXContainerItemProxy */;
		};
		9C05856C1E5460E500CF3AFA /* PBXTargetDependency */ = {
			isa = PBXTargetDependency;
			target = 9C05855F1E5460E500CF3AFA /* LIFX Widget Today Extension */;
			targetProxy = 9C05856B1E5460E500CF3AFA /* PBXContainerItemProxy */;
		};
/* End PBXTargetDependency section */

/* Begin PBXVariantGroup section */
		9C0585291E545E7900CF3AFA /* Main.storyboard */ = {
			isa = PBXVariantGroup;
			children = (
				9C05852A1E545E7900CF3AFA /* Base */,
			);
			name = Main.storyboard;
			sourceTree = "<group>";
		};
		9C05852E1E545E7900CF3AFA /* LaunchScreen.storyboard */ = {
			isa = PBXVariantGroup;
			children = (
				9C05852F1E545E7900CF3AFA /* Base */,
			);
			name = LaunchScreen.storyboard;
			sourceTree = "<group>";
		};
		9C0585391E545E7900CF3AFA /* Interface.storyboard */ = {
			isa = PBXVariantGroup;
			children = (
				9C05853A1E545E7900CF3AFA /* Base */,
			);
			name = Interface.storyboard;
			sourceTree = "<group>";
		};
		9C0585671E5460E500CF3AFA /* MainInterface.storyboard */ = {
			isa = PBXVariantGroup;
			children = (
				9C0585681E5460E500CF3AFA /* Base */,
			);
			name = MainInterface.storyboard;
			sourceTree = "<group>";
		};
		9C7102731E548EC10058E8C4 /* Localizable.strings */ = {
			isa = PBXVariantGroup;
			children = (
				9C7102741E548EC10058E8C4 /* Base */,
			);
			name = Localizable.strings;
			sourceTree = "<group>";
		};
		9C88D2741E65B101009B0D9B /* Localizable.strings */ = {
			isa = PBXVariantGroup;
			children = (
				9C88D2751E65B101009B0D9B /* Base */,
			);
			name = Localizable.strings;
			sourceTree = "<group>";
		};
/* End PBXVariantGroup section */

/* Begin XCBuildConfiguration section */
		9C05854F1E545E7900CF3AFA /* Debug */ = {
			isa = XCBuildConfiguration;
			buildSettings = {
				ALWAYS_SEARCH_USER_PATHS = NO;
				CLANG_ANALYZER_NONNULL = YES;
				CLANG_CXX_LANGUAGE_STANDARD = "gnu++0x";
				CLANG_CXX_LIBRARY = "libc++";
				CLANG_ENABLE_MODULES = YES;
				CLANG_ENABLE_OBJC_ARC = YES;
				CLANG_WARN_BOOL_CONVERSION = YES;
				CLANG_WARN_CONSTANT_CONVERSION = YES;
				CLANG_WARN_DIRECT_OBJC_ISA_USAGE = YES_ERROR;
				CLANG_WARN_DOCUMENTATION_COMMENTS = YES;
				CLANG_WARN_EMPTY_BODY = YES;
				CLANG_WARN_ENUM_CONVERSION = YES;
				CLANG_WARN_INFINITE_RECURSION = YES;
				CLANG_WARN_INT_CONVERSION = YES;
				CLANG_WARN_OBJC_ROOT_CLASS = YES_ERROR;
				CLANG_WARN_SUSPICIOUS_MOVE = YES;
				CLANG_WARN_UNREACHABLE_CODE = YES;
				CLANG_WARN__DUPLICATE_METHOD_MATCH = YES;
				"CODE_SIGN_IDENTITY[sdk=iphoneos*]" = "iPhone Developer";
				COPY_PHASE_STRIP = NO;
				DEBUG_INFORMATION_FORMAT = dwarf;
				ENABLE_STRICT_OBJC_MSGSEND = YES;
				ENABLE_TESTABILITY = YES;
				GCC_C_LANGUAGE_STANDARD = gnu99;
				GCC_DYNAMIC_NO_PIC = NO;
				GCC_NO_COMMON_BLOCKS = YES;
				GCC_OPTIMIZATION_LEVEL = 0;
				GCC_PREPROCESSOR_DEFINITIONS = (
					"DEBUG=1",
					"$(inherited)",
				);
				GCC_WARN_64_TO_32_BIT_CONVERSION = YES;
				GCC_WARN_ABOUT_RETURN_TYPE = YES_ERROR;
				GCC_WARN_UNDECLARED_SELECTOR = YES;
				GCC_WARN_UNINITIALIZED_AUTOS = YES_AGGRESSIVE;
				GCC_WARN_UNUSED_FUNCTION = YES;
				GCC_WARN_UNUSED_VARIABLE = YES;
				IPHONEOS_DEPLOYMENT_TARGET = 9.0;
				MTL_ENABLE_DEBUG_INFO = YES;
				ONLY_ACTIVE_ARCH = YES;
				SDKROOT = iphoneos;
				SWIFT_ACTIVE_COMPILATION_CONDITIONS = DEBUG;
				SWIFT_OPTIMIZATION_LEVEL = "-Onone";
				TARGETED_DEVICE_FAMILY = "1,2";
			};
			name = Debug;
		};
		9C0585501E545E7900CF3AFA /* Release */ = {
			isa = XCBuildConfiguration;
			buildSettings = {
				ALWAYS_SEARCH_USER_PATHS = NO;
				CLANG_ANALYZER_NONNULL = YES;
				CLANG_CXX_LANGUAGE_STANDARD = "gnu++0x";
				CLANG_CXX_LIBRARY = "libc++";
				CLANG_ENABLE_MODULES = YES;
				CLANG_ENABLE_OBJC_ARC = YES;
				CLANG_WARN_BOOL_CONVERSION = YES;
				CLANG_WARN_CONSTANT_CONVERSION = YES;
				CLANG_WARN_DIRECT_OBJC_ISA_USAGE = YES_ERROR;
				CLANG_WARN_DOCUMENTATION_COMMENTS = YES;
				CLANG_WARN_EMPTY_BODY = YES;
				CLANG_WARN_ENUM_CONVERSION = YES;
				CLANG_WARN_INFINITE_RECURSION = YES;
				CLANG_WARN_INT_CONVERSION = YES;
				CLANG_WARN_OBJC_ROOT_CLASS = YES_ERROR;
				CLANG_WARN_SUSPICIOUS_MOVE = YES;
				CLANG_WARN_UNREACHABLE_CODE = YES;
				CLANG_WARN__DUPLICATE_METHOD_MATCH = YES;
				"CODE_SIGN_IDENTITY[sdk=iphoneos*]" = "iPhone Developer";
				COPY_PHASE_STRIP = NO;
				DEBUG_INFORMATION_FORMAT = "dwarf-with-dsym";
				ENABLE_NS_ASSERTIONS = NO;
				ENABLE_STRICT_OBJC_MSGSEND = YES;
				GCC_C_LANGUAGE_STANDARD = gnu99;
				GCC_NO_COMMON_BLOCKS = YES;
				GCC_WARN_64_TO_32_BIT_CONVERSION = YES;
				GCC_WARN_ABOUT_RETURN_TYPE = YES_ERROR;
				GCC_WARN_UNDECLARED_SELECTOR = YES;
				GCC_WARN_UNINITIALIZED_AUTOS = YES_AGGRESSIVE;
				GCC_WARN_UNUSED_FUNCTION = YES;
				GCC_WARN_UNUSED_VARIABLE = YES;
				IPHONEOS_DEPLOYMENT_TARGET = 9.0;
				MTL_ENABLE_DEBUG_INFO = NO;
				SDKROOT = iphoneos;
				SWIFT_OPTIMIZATION_LEVEL = "-Owholemodule";
				TARGETED_DEVICE_FAMILY = "1,2";
				VALIDATE_PRODUCT = YES;
			};
			name = Release;
		};
		9C0585521E545E7900CF3AFA /* Debug */ = {
			isa = XCBuildConfiguration;
			baseConfigurationReference = 4DF83DF2F0A329487829793C /* Pods-LIFX Widget WatchKit Extension.debug.xcconfig */;
			buildSettings = {
				ASSETCATALOG_COMPILER_COMPLICATION_NAME = Complication;
				DEVELOPMENT_TEAM = 8DGT2SD8VC;
				INFOPLIST_FILE = "LIFX Widget WatchKit Extension/Info.plist";
				LD_RUNPATH_SEARCH_PATHS = "$(inherited) @executable_path/Frameworks @executable_path/../../Frameworks";
				PRODUCT_BUNDLE_IDENTIFIER = "com.maxime-dechalendar.LiFXWidget.watchkitapp.watchkitextension";
				PRODUCT_NAME = "${TARGET_NAME}";
				SDKROOT = watchos;
				SKIP_INSTALL = YES;
				SWIFT_VERSION = 3.0;
				TARGETED_DEVICE_FAMILY = 4;
				WATCHOS_DEPLOYMENT_TARGET = 3.1;
			};
			name = Debug;
		};
		9C0585531E545E7900CF3AFA /* Release */ = {
			isa = XCBuildConfiguration;
			baseConfigurationReference = EEC77FF9B503EB33A34653C2 /* Pods-LIFX Widget WatchKit Extension.release.xcconfig */;
			buildSettings = {
				ASSETCATALOG_COMPILER_COMPLICATION_NAME = Complication;
				DEVELOPMENT_TEAM = 8DGT2SD8VC;
				INFOPLIST_FILE = "LIFX Widget WatchKit Extension/Info.plist";
				LD_RUNPATH_SEARCH_PATHS = "$(inherited) @executable_path/Frameworks @executable_path/../../Frameworks";
				PRODUCT_BUNDLE_IDENTIFIER = "com.maxime-dechalendar.LiFXWidget.watchkitapp.watchkitextension";
				PRODUCT_NAME = "${TARGET_NAME}";
				SDKROOT = watchos;
				SKIP_INSTALL = YES;
				SWIFT_VERSION = 3.0;
				TARGETED_DEVICE_FAMILY = 4;
				WATCHOS_DEPLOYMENT_TARGET = 3.1;
			};
			name = Release;
		};
		9C0585561E545E7900CF3AFA /* Debug */ = {
			isa = XCBuildConfiguration;
			baseConfigurationReference = 71B4DA4E02667009ADA6CF61 /* Pods-LIFX Widget WatchKit App.debug.xcconfig */;
			buildSettings = {
				ALWAYS_EMBED_SWIFT_STANDARD_LIBRARIES = YES;
				ASSETCATALOG_COMPILER_APPICON_NAME = AppIcon;
				DEVELOPMENT_TEAM = 8DGT2SD8VC;
				IBSC_MODULE = LIFX_Widget_WatchKit_Extension;
				INFOPLIST_FILE = "LIFX Widget WatchKit App/Info.plist";
				PRODUCT_BUNDLE_IDENTIFIER = "com.maxime-dechalendar.LiFXWidget.watchkitapp";
				PRODUCT_NAME = "$(TARGET_NAME)";
				SDKROOT = watchos;
				SKIP_INSTALL = YES;
				SWIFT_VERSION = 3.0;
				TARGETED_DEVICE_FAMILY = 4;
				WATCHOS_DEPLOYMENT_TARGET = 3.1;
			};
			name = Debug;
		};
		9C0585571E545E7900CF3AFA /* Release */ = {
			isa = XCBuildConfiguration;
			baseConfigurationReference = 47F02010C0E91A9EB00AA391 /* Pods-LIFX Widget WatchKit App.release.xcconfig */;
			buildSettings = {
				ALWAYS_EMBED_SWIFT_STANDARD_LIBRARIES = YES;
				ASSETCATALOG_COMPILER_APPICON_NAME = AppIcon;
				DEVELOPMENT_TEAM = 8DGT2SD8VC;
				IBSC_MODULE = LIFX_Widget_WatchKit_Extension;
				INFOPLIST_FILE = "LIFX Widget WatchKit App/Info.plist";
				PRODUCT_BUNDLE_IDENTIFIER = "com.maxime-dechalendar.LiFXWidget.watchkitapp";
				PRODUCT_NAME = "$(TARGET_NAME)";
				SDKROOT = watchos;
				SKIP_INSTALL = YES;
				SWIFT_VERSION = 3.0;
				TARGETED_DEVICE_FAMILY = 4;
				WATCHOS_DEPLOYMENT_TARGET = 3.1;
			};
			name = Release;
		};
		9C05855A1E545E7900CF3AFA /* Debug */ = {
			isa = XCBuildConfiguration;
			baseConfigurationReference = 058D4FB44BB348822E700F24 /* Pods-LIFX Widget.debug.xcconfig */;
			buildSettings = {
				ALWAYS_EMBED_SWIFT_STANDARD_LIBRARIES = YES;
				ASSETCATALOG_COMPILER_APPICON_NAME = AppIcon;
				CODE_SIGN_ENTITLEMENTS = "LIFX Widget/LIFX Widget.entitlements";
				"CODE_SIGN_IDENTITY[sdk=iphoneos*]" = "iPhone Developer";
				DEVELOPMENT_TEAM = 8DGT2SD8VC;
				INFOPLIST_FILE = "LIFX Widget/Info.plist";
				LD_RUNPATH_SEARCH_PATHS = "$(inherited) @executable_path/Frameworks";
				PRODUCT_BUNDLE_IDENTIFIER = "com.maxime-dechalendar.LiFXWidget";
				PRODUCT_NAME = "$(TARGET_NAME)";
				SWIFT_VERSION = 3.0;
			};
			name = Debug;
		};
		9C05855B1E545E7900CF3AFA /* Release */ = {
			isa = XCBuildConfiguration;
			baseConfigurationReference = 5B35D188BD5DD413FA6CDD8C /* Pods-LIFX Widget.release.xcconfig */;
			buildSettings = {
				ALWAYS_EMBED_SWIFT_STANDARD_LIBRARIES = YES;
				ASSETCATALOG_COMPILER_APPICON_NAME = AppIcon;
				CODE_SIGN_ENTITLEMENTS = "LIFX Widget/LIFX Widget.entitlements";
				"CODE_SIGN_IDENTITY[sdk=iphoneos*]" = "iPhone Developer";
				DEVELOPMENT_TEAM = 8DGT2SD8VC;
				INFOPLIST_FILE = "LIFX Widget/Info.plist";
				LD_RUNPATH_SEARCH_PATHS = "$(inherited) @executable_path/Frameworks";
				PRODUCT_BUNDLE_IDENTIFIER = "com.maxime-dechalendar.LiFXWidget";
				PRODUCT_NAME = "$(TARGET_NAME)";
				SWIFT_VERSION = 3.0;
			};
			name = Release;
		};
		9C05856E1E5460E500CF3AFA /* Debug */ = {
			isa = XCBuildConfiguration;
			baseConfigurationReference = 99E300BA004279B8AF499332 /* Pods-LIFX Widget Today Extension.debug.xcconfig */;
			buildSettings = {
				CODE_SIGN_ENTITLEMENTS = "LIFX Widget Today Extension/LIFX Widget Today Extension.entitlements";
				DEVELOPMENT_TEAM = 8DGT2SD8VC;
				INFOPLIST_FILE = "LIFX Widget Today Extension/Info.plist";
				LD_RUNPATH_SEARCH_PATHS = "$(inherited) @executable_path/Frameworks @executable_path/../../Frameworks";
				PRODUCT_BUNDLE_IDENTIFIER = "com.maxime-dechalendar.LiFXWidget.Extension";
				PRODUCT_NAME = "$(TARGET_NAME)";
				SKIP_INSTALL = YES;
				SWIFT_VERSION = 3.0;
			};
			name = Debug;
		};
		9C05856F1E5460E500CF3AFA /* Release */ = {
			isa = XCBuildConfiguration;
			baseConfigurationReference = 235E60BFD2B96E08E5C5834E /* Pods-LIFX Widget Today Extension.release.xcconfig */;
			buildSettings = {
				CODE_SIGN_ENTITLEMENTS = "LIFX Widget Today Extension/LIFX Widget Today Extension.entitlements";
				DEVELOPMENT_TEAM = 8DGT2SD8VC;
				INFOPLIST_FILE = "LIFX Widget Today Extension/Info.plist";
				LD_RUNPATH_SEARCH_PATHS = "$(inherited) @executable_path/Frameworks @executable_path/../../Frameworks";
				PRODUCT_BUNDLE_IDENTIFIER = "com.maxime-dechalendar.LiFXWidget.Extension";
				PRODUCT_NAME = "$(TARGET_NAME)";
				SKIP_INSTALL = YES;
				SWIFT_VERSION = 3.0;
			};
			name = Release;
		};
/* End XCBuildConfiguration section */

/* Begin XCConfigurationList section */
		9C05851D1E545E7900CF3AFA /* Build configuration list for PBXProject "LIFX Widget" */ = {
			isa = XCConfigurationList;
			buildConfigurations = (
				9C05854F1E545E7900CF3AFA /* Debug */,
				9C0585501E545E7900CF3AFA /* Release */,
			);
			defaultConfigurationIsVisible = 0;
			defaultConfigurationName = Release;
		};
		9C0585511E545E7900CF3AFA /* Build configuration list for PBXNativeTarget "LIFX Widget WatchKit Extension" */ = {
			isa = XCConfigurationList;
			buildConfigurations = (
				9C0585521E545E7900CF3AFA /* Debug */,
				9C0585531E545E7900CF3AFA /* Release */,
			);
			defaultConfigurationIsVisible = 0;
			defaultConfigurationName = Release;
		};
		9C0585551E545E7900CF3AFA /* Build configuration list for PBXNativeTarget "LIFX Widget WatchKit App" */ = {
			isa = XCConfigurationList;
			buildConfigurations = (
				9C0585561E545E7900CF3AFA /* Debug */,
				9C0585571E545E7900CF3AFA /* Release */,
			);
			defaultConfigurationIsVisible = 0;
			defaultConfigurationName = Release;
		};
		9C0585591E545E7900CF3AFA /* Build configuration list for PBXNativeTarget "LIFX Widget" */ = {
			isa = XCConfigurationList;
			buildConfigurations = (
				9C05855A1E545E7900CF3AFA /* Debug */,
				9C05855B1E545E7900CF3AFA /* Release */,
			);
			defaultConfigurationIsVisible = 0;
			defaultConfigurationName = Release;
		};
		9C0585701E5460E500CF3AFA /* Build configuration list for PBXNativeTarget "LIFX Widget Today Extension" */ = {
			isa = XCConfigurationList;
			buildConfigurations = (
				9C05856E1E5460E500CF3AFA /* Debug */,
				9C05856F1E5460E500CF3AFA /* Release */,
			);
			defaultConfigurationIsVisible = 0;
			defaultConfigurationName = Release;
		};
/* End XCConfigurationList section */
	};
	rootObject = 9C05851A1E545E7900CF3AFA /* Project object */;
}
